// !$*UTF8*$!
{
	archiveVersion = 1;
	classes = {
	};
	objectVersion = 55;
	objects = {

/* Begin PBXBuildFile section */
		C00A521C29D4FD27002F2533 /* ContributorService.swift in Sources */ = {isa = PBXBuildFile; fileRef = C00A521B29D4FD27002F2533 /* ContributorService.swift */; };
		C00A521E29D52654002F2533 /* ProfileService.swift in Sources */ = {isa = PBXBuildFile; fileRef = C00A521D29D52654002F2533 /* ProfileService.swift */; };
		C01EDEC22991E086007DE0A3 /* ProductsViewController.swift in Sources */ = {isa = PBXBuildFile; fileRef = C01EDEC12991E086007DE0A3 /* ProductsViewController.swift */; };
		C01EDEC42991E08F007DE0A3 /* ProductsView.swift in Sources */ = {isa = PBXBuildFile; fileRef = C01EDEC32991E08F007DE0A3 /* ProductsView.swift */; };
		C01EDEC62991E09D007DE0A3 /* ProductsCoordinator.swift in Sources */ = {isa = PBXBuildFile; fileRef = C01EDEC52991E09D007DE0A3 /* ProductsCoordinator.swift */; };
		C01EDEC82991E0DA007DE0A3 /* ProductsViewModel.swift in Sources */ = {isa = PBXBuildFile; fileRef = C01EDEC72991E0DA007DE0A3 /* ProductsViewModel.swift */; };
		C02A3302299DA478006D816F /* ContributorsTableViewCell.swift in Sources */ = {isa = PBXBuildFile; fileRef = C02A3301299DA478006D816F /* ContributorsTableViewCell.swift */; };
		C02A3305299DAA7B006D816F /* RegisterContributorsCoordinator.swift in Sources */ = {isa = PBXBuildFile; fileRef = C02A3304299DAA7B006D816F /* RegisterContributorsCoordinator.swift */; };
		C02A3307299DAAAC006D816F /* RegisterContributorsViewModel.swift in Sources */ = {isa = PBXBuildFile; fileRef = C02A3306299DAAAC006D816F /* RegisterContributorsViewModel.swift */; };
		C02A3309299DAADF006D816F /* RegisterContributorsView.swift in Sources */ = {isa = PBXBuildFile; fileRef = C02A3308299DAADF006D816F /* RegisterContributorsView.swift */; };
		C02A330B299DAAED006D816F /* RegisterContributorsViewController.swift in Sources */ = {isa = PBXBuildFile; fileRef = C02A330A299DAAED006D816F /* RegisterContributorsViewController.swift */; };
		C02A330E299DB355006D816F /* ProductType.swift in Sources */ = {isa = PBXBuildFile; fileRef = C02A330D299DB355006D816F /* ProductType.swift */; };
		C02A3310299DBBDE006D816F /* FilterProductType.swift in Sources */ = {isa = PBXBuildFile; fileRef = C02A330F299DBBDE006D816F /* FilterProductType.swift */; };
		C0334739295E071F0069C97F /* AppDelegate.swift in Sources */ = {isa = PBXBuildFile; fileRef = C0334738295E071F0069C97F /* AppDelegate.swift */; };
		C033473B295E071F0069C97F /* SceneDelegate.swift in Sources */ = {isa = PBXBuildFile; fileRef = C033473A295E071F0069C97F /* SceneDelegate.swift */; };
		C033473D295E071F0069C97F /* HomeViewController.swift in Sources */ = {isa = PBXBuildFile; fileRef = C033473C295E071F0069C97F /* HomeViewController.swift */; };
		C0334742295E07210069C97F /* Assets.xcassets in Resources */ = {isa = PBXBuildFile; fileRef = C0334741295E07210069C97F /* Assets.xcassets */; };
		C0334745295E07210069C97F /* LaunchScreen.storyboard in Resources */ = {isa = PBXBuildFile; fileRef = C0334743295E07210069C97F /* LaunchScreen.storyboard */; };
		C0334787295E0B3C0069C97F /* CoordinatorConfiguration.swift in Sources */ = {isa = PBXBuildFile; fileRef = C033474E295E0B3C0069C97F /* CoordinatorConfiguration.swift */; };
		C0334788295E0B3C0069C97F /* CoordinatedViewController.swift in Sources */ = {isa = PBXBuildFile; fileRef = C033474F295E0B3C0069C97F /* CoordinatedViewController.swift */; };
		C0334789295E0B3C0069C97F /* BaseCoordinator.swift in Sources */ = {isa = PBXBuildFile; fileRef = C0334750295E0B3C0069C97F /* BaseCoordinator.swift */; };
		C033478A295E0B3C0069C97F /* Coordinator.swift in Sources */ = {isa = PBXBuildFile; fileRef = C0334751295E0B3C0069C97F /* Coordinator.swift */; };
		C033478B295E0B3C0069C97F /* CascadeOperator.swift in Sources */ = {isa = PBXBuildFile; fileRef = C0334753295E0B3C0069C97F /* CascadeOperator.swift */; };
		C033478C295E0B3C0069C97F /* Icon.swift in Sources */ = {isa = PBXBuildFile; fileRef = C0334755295E0B3C0069C97F /* Icon.swift */; };
		C033478D295E0B3C0069C97F /* TrackEvent.swift in Sources */ = {isa = PBXBuildFile; fileRef = C0334757295E0B3C0069C97F /* TrackEvent.swift */; };
		C033478E295E0B3C0069C97F /* MNUserDefaults.swift in Sources */ = {isa = PBXBuildFile; fileRef = C0334758295E0B3C0069C97F /* MNUserDefaults.swift */; };
		C033478F295E0B3C0069C97F /* KeychainService.swift in Sources */ = {isa = PBXBuildFile; fileRef = C0334759295E0B3C0069C97F /* KeychainService.swift */; };
		C0334790295E0B3C0069C97F /* MNKeys.swift in Sources */ = {isa = PBXBuildFile; fileRef = C033475A295E0B3C0069C97F /* MNKeys.swift */; };
		C0334791295E0B3C0069C97F /* Bool+Ext.swift in Sources */ = {isa = PBXBuildFile; fileRef = C033475C295E0B3C0069C97F /* Bool+Ext.swift */; };
		C0334792295E0B3C0069C97F /* UIViewController+Extensions.swift in Sources */ = {isa = PBXBuildFile; fileRef = C033475D295E0B3C0069C97F /* UIViewController+Extensions.swift */; };
		C0334793295E0B3C0069C97F /* UIButton+Extensions.swift in Sources */ = {isa = PBXBuildFile; fileRef = C033475E295E0B3C0069C97F /* UIButton+Extensions.swift */; };
		C0334794295E0B3C0069C97F /* UIView+Extensions.swift in Sources */ = {isa = PBXBuildFile; fileRef = C033475F295E0B3C0069C97F /* UIView+Extensions.swift */; };
		C0334795295E0B3C0069C97F /* String+Extensions.swift in Sources */ = {isa = PBXBuildFile; fileRef = C0334760295E0B3C0069C97F /* String+Extensions.swift */; };
		C0334796295E0B3C0069C97F /* UIColor+Extensions.swift in Sources */ = {isa = PBXBuildFile; fileRef = C0334761295E0B3C0069C97F /* UIColor+Extensions.swift */; };
		C0334797295E0B3C0069C97F /* Date+Ext.swift in Sources */ = {isa = PBXBuildFile; fileRef = C0334762295E0B3C0069C97F /* Date+Ext.swift */; };
		C0334798295E0B3C0069C97F /* Weakify+Ext.swift in Sources */ = {isa = PBXBuildFile; fileRef = C0334763295E0B3C0069C97F /* Weakify+Ext.swift */; };
		C0334799295E0B3C0069C97F /* Array+Ext.swift in Sources */ = {isa = PBXBuildFile; fileRef = C0334764295E0B3C0069C97F /* Array+Ext.swift */; };
		C033479A295E0B3C0069C97F /* UITextField+Extensions.swift in Sources */ = {isa = PBXBuildFile; fileRef = C0334765295E0B3C0069C97F /* UITextField+Extensions.swift */; };
		C033479B295E0B3C0069C97F /* CardButtonView.swift in Sources */ = {isa = PBXBuildFile; fileRef = C0334767295E0B3C0069C97F /* CardButtonView.swift */; };
		C033479C295E0B3C0069C97F /* CardView.swift in Sources */ = {isa = PBXBuildFile; fileRef = C0334768295E0B3C0069C97F /* CardView.swift */; };
		C033479D295E0B3C0069C97F /* ScrollToTopButton.swift in Sources */ = {isa = PBXBuildFile; fileRef = C0334769295E0B3C0069C97F /* ScrollToTopButton.swift */; };
		C033479E295E0B3C0069C97F /* MNLabel.swift in Sources */ = {isa = PBXBuildFile; fileRef = C033476A295E0B3C0069C97F /* MNLabel.swift */; };
		C033479F295E0B3C0069C97F /* FilterSegmentedControl.swift in Sources */ = {isa = PBXBuildFile; fileRef = C033476B295E0B3C0069C97F /* FilterSegmentedControl.swift */; };
		C03347A0295E0B3C0069C97F /* IconButton.swift in Sources */ = {isa = PBXBuildFile; fileRef = C033476C295E0B3C0069C97F /* IconButton.swift */; };
		C03347A1295E0B3C0069C97F /* BottomSheetView.swift in Sources */ = {isa = PBXBuildFile; fileRef = C033476D295E0B3C0069C97F /* BottomSheetView.swift */; };
		C03347A2295E0B3C0069C97F /* CustomTextField.swift in Sources */ = {isa = PBXBuildFile; fileRef = C033476E295E0B3C0069C97F /* CustomTextField.swift */; };
		C03347A3295E0B3C0069C97F /* CardIconAndTitleView.swift in Sources */ = {isa = PBXBuildFile; fileRef = C033476F295E0B3C0069C97F /* CardIconAndTitleView.swift */; };
		C03347A4295E0B3C0069C97F /* MNView.swift in Sources */ = {isa = PBXBuildFile; fileRef = C0334770295E0B3C0069C97F /* MNView.swift */; };
		C03347A5295E0B3C0069C97F /* TappedView.swift in Sources */ = {isa = PBXBuildFile; fileRef = C0334771295E0B3C0069C97F /* TappedView.swift */; };
		C03347A6295E0B3C0069C97F /* CustomSubmitButton.swift in Sources */ = {isa = PBXBuildFile; fileRef = C0334772295E0B3C0069C97F /* CustomSubmitButton.swift */; };
		C03347A7295E0B3C0069C97F /* ErrorView.swift in Sources */ = {isa = PBXBuildFile; fileRef = C0334773295E0B3C0069C97F /* ErrorView.swift */; };
		C03347A8295E0B3C0069C97F /* Bindable.swift in Sources */ = {isa = PBXBuildFile; fileRef = C0334775295E0B3C0069C97F /* Bindable.swift */; };
		C03347A9295E0B3C0069C97F /* ViewCodeContract.swift in Sources */ = {isa = PBXBuildFile; fileRef = C0334777295E0B3C0069C97F /* ViewCodeContract.swift */; };
		C03347AA295E0B3C0069C97F /* Constants.swift in Sources */ = {isa = PBXBuildFile; fileRef = C0334779295E0B3C0069C97F /* Constants.swift */; };
		C03347AB295E0B3C0069C97F /* UIView+SafeAreaAnchors.swift in Sources */ = {isa = PBXBuildFile; fileRef = C033477A295E0B3C0069C97F /* UIView+SafeAreaAnchors.swift */; };
		C03347AC295E0B3C0069C97F /* PDFContent.swift in Sources */ = {isa = PBXBuildFile; fileRef = C033477C295E0B3C0069C97F /* PDFContent.swift */; };
		C03347AD295E0B3C0069C97F /* PDFConfigurationType.swift in Sources */ = {isa = PBXBuildFile; fileRef = C033477D295E0B3C0069C97F /* PDFConfigurationType.swift */; };
		C03347AE295E0B3C0069C97F /* Table.swift in Sources */ = {isa = PBXBuildFile; fileRef = C033477E295E0B3C0069C97F /* Table.swift */; };
		C03347AF295E0B3C0069C97F /* PDFBuilder.swift in Sources */ = {isa = PBXBuildFile; fileRef = C033477F295E0B3C0069C97F /* PDFBuilder.swift */; };
		C03347B0295E0B3C0069C97F /* NSLayoutDimension+Extension.swift in Sources */ = {isa = PBXBuildFile; fileRef = C0334780295E0B3C0069C97F /* NSLayoutDimension+Extension.swift */; };
		C03347B1295E0B3C0069C97F /* AutoLayoutOption.swift in Sources */ = {isa = PBXBuildFile; fileRef = C0334781295E0B3C0069C97F /* AutoLayoutOption.swift */; };
		C03347B2295E0B3C0069C97F /* UIView+LayoutGuides.swift in Sources */ = {isa = PBXBuildFile; fileRef = C0334782295E0B3C0069C97F /* UIView+LayoutGuides.swift */; };
		C03347B3295E0B3C0069C97F /* Padding.swift in Sources */ = {isa = PBXBuildFile; fileRef = C0334783295E0B3C0069C97F /* Padding.swift */; };
		C03347B4295E0B3C0069C97F /* UIView+RawAnchors.swift in Sources */ = {isa = PBXBuildFile; fileRef = C0334784295E0B3C0069C97F /* UIView+RawAnchors.swift */; };
		C03347B5295E0B3C0069C97F /* ActionTypealias.swift in Sources */ = {isa = PBXBuildFile; fileRef = C0334785295E0B3C0069C97F /* ActionTypealias.swift */; };
		C03347B6295E0B3C0069C97F /* UIView+AxisAttribute.swift in Sources */ = {isa = PBXBuildFile; fileRef = C0334786295E0B3C0069C97F /* UIView+AxisAttribute.swift */; };
		C03347BD295E0E2A0069C97F /* HomeCoordinator.swift in Sources */ = {isa = PBXBuildFile; fileRef = C03347BC295E0E2A0069C97F /* HomeCoordinator.swift */; };
		C03347BF295E0F6D0069C97F /* HomeViewModel.swift in Sources */ = {isa = PBXBuildFile; fileRef = C03347BE295E0F6D0069C97F /* HomeViewModel.swift */; };
		C03347C1295E0FC40069C97F /* HomeService.swift in Sources */ = {isa = PBXBuildFile; fileRef = C03347C0295E0FC40069C97F /* HomeService.swift */; };
		C03347C7295E14700069C97F /* HomeView.swift in Sources */ = {isa = PBXBuildFile; fileRef = C03347C6295E14700069C97F /* HomeView.swift */; };
		C03BF1D629808F71004220CA /* AverageByProductTableViewCell.swift in Sources */ = {isa = PBXBuildFile; fileRef = C03BF1D529808F71004220CA /* AverageByProductTableViewCell.swift */; };
		C0546529298C7A8C00805BF7 /* GripView.swift in Sources */ = {isa = PBXBuildFile; fileRef = C0546528298C7A8C00805BF7 /* GripView.swift */; };
		C05D26AF295E238A001400E3 /* ProfileHeaderView.swift in Sources */ = {isa = PBXBuildFile; fileRef = C05D26AE295E238A001400E3 /* ProfileHeaderView.swift */; };
		C05D2880295E2859001400E3 /* CGFloat+Ext.swift in Sources */ = {isa = PBXBuildFile; fileRef = C05D287F295E2859001400E3 /* CGFloat+Ext.swift */; };
		C05D2884295E2D42001400E3 /* MenuCollectionCell.swift in Sources */ = {isa = PBXBuildFile; fileRef = C05D2883295E2D42001400E3 /* MenuCollectionCell.swift */; };
		C06EDFEA299326270080F07B /* ProductsTableViewCell.swift in Sources */ = {isa = PBXBuildFile; fileRef = C06EDFE9299326270080F07B /* ProductsTableViewCell.swift */; };
		C06EDFEC29932F050080F07B /* RegisterProductsView.swift in Sources */ = {isa = PBXBuildFile; fileRef = C06EDFEB29932F050080F07B /* RegisterProductsView.swift */; };
		C06EDFEE29932F0F0080F07B /* RegisterProductsViewController.swift in Sources */ = {isa = PBXBuildFile; fileRef = C06EDFED29932F0F0080F07B /* RegisterProductsViewController.swift */; };
		C06EDFF029932F190080F07B /* RegisterProductsCoordinator.swift in Sources */ = {isa = PBXBuildFile; fileRef = C06EDFEF29932F190080F07B /* RegisterProductsCoordinator.swift */; };
		C06EDFF229932F220080F07B /* RegisterProductsViewModel.swift in Sources */ = {isa = PBXBuildFile; fileRef = C06EDFF129932F220080F07B /* RegisterProductsViewModel.swift */; };
		C0821A2129947CB400C8E2F0 /* ContributorsViewController.swift in Sources */ = {isa = PBXBuildFile; fileRef = C0821A2029947CB400C8E2F0 /* ContributorsViewController.swift */; };
		C0821A2329947CBB00C8E2F0 /* ContributorsView.swift in Sources */ = {isa = PBXBuildFile; fileRef = C0821A2229947CBB00C8E2F0 /* ContributorsView.swift */; };
		C0821A2529947CC200C8E2F0 /* ContributorsViewModel.swift in Sources */ = {isa = PBXBuildFile; fileRef = C0821A2429947CC200C8E2F0 /* ContributorsViewModel.swift */; };
		C0821A2729947CCA00C8E2F0 /* ContributorsCoordinator.swift in Sources */ = {isa = PBXBuildFile; fileRef = C0821A2629947CCA00C8E2F0 /* ContributorsCoordinator.swift */; };
		C08AE64229D27BAD00143114 /* ProductService.swift in Sources */ = {isa = PBXBuildFile; fileRef = C08AE64129D27BAD00143114 /* ProductService.swift */; };
		C08D873C29B7F9C500A252F0 /* LoginViewController.swift in Sources */ = {isa = PBXBuildFile; fileRef = C08D873B29B7F9C500A252F0 /* LoginViewController.swift */; };
		C08D873E29B7F9CC00A252F0 /* LoginViewModel.swift in Sources */ = {isa = PBXBuildFile; fileRef = C08D873D29B7F9CC00A252F0 /* LoginViewModel.swift */; };
		C08D874029B7F9D700A252F0 /* LoginCoordinator.swift in Sources */ = {isa = PBXBuildFile; fileRef = C08D873F29B7F9D700A252F0 /* LoginCoordinator.swift */; };
		C092F8042989FD5700C61131 /* ManipulationsListViewModel.swift in Sources */ = {isa = PBXBuildFile; fileRef = C092F8032989FD5700C61131 /* ManipulationsListViewModel.swift */; };
		C09541AA29AE7E3300E4DD2E /* RegisterManipulationView.swift in Sources */ = {isa = PBXBuildFile; fileRef = C09541A929AE7E3300E4DD2E /* RegisterManipulationView.swift */; };
		C09541AC29AE7E3A00E4DD2E /* RegisterManipulationViewController.swift in Sources */ = {isa = PBXBuildFile; fileRef = C09541AB29AE7E3A00E4DD2E /* RegisterManipulationViewController.swift */; };
		C09541AE29AE7E4000E4DD2E /* RegisterManipulationViewModel.swift in Sources */ = {isa = PBXBuildFile; fileRef = C09541AD29AE7E4000E4DD2E /* RegisterManipulationViewModel.swift */; };
		C09541B029AE7E4700E4DD2E /* RegisterManipulationCoordinator.swift in Sources */ = {isa = PBXBuildFile; fileRef = C09541AF29AE7E4700E4DD2E /* RegisterManipulationCoordinator.swift */; };
		C09541B329AE972800E4DD2E /* Contributor.swift in Sources */ = {isa = PBXBuildFile; fileRef = C09541B229AE972800E4DD2E /* Contributor.swift */; };
		C09541B529AE980900E4DD2E /* Product.swift in Sources */ = {isa = PBXBuildFile; fileRef = C09541B429AE980900E4DD2E /* Product.swift */; };
		C09541B729AEB99000E4DD2E /* RoundedStepView.swift in Sources */ = {isa = PBXBuildFile; fileRef = C09541B629AEB99000E4DD2E /* RoundedStepView.swift */; };
		C09541B929AEEF5100E4DD2E /* RegisterManipulationSecondStepView.swift in Sources */ = {isa = PBXBuildFile; fileRef = C09541B829AEEF5100E4DD2E /* RegisterManipulationSecondStepView.swift */; };
		C09541BC29AEEF7400E4DD2E /* RegisterManipulationSecondStepViewController.swift in Sources */ = {isa = PBXBuildFile; fileRef = C09541BB29AEEF7400E4DD2E /* RegisterManipulationSecondStepViewController.swift */; };
		C09541C029AEEF9000E4DD2E /* RegisterManipulationSecondStepCoordinator.swift in Sources */ = {isa = PBXBuildFile; fileRef = C09541BF29AEEF9000E4DD2E /* RegisterManipulationSecondStepCoordinator.swift */; };
		C09543DD29B038F300E4DD2E /* RegisterManipulationThirdStepView.swift in Sources */ = {isa = PBXBuildFile; fileRef = C09543DC29B038F300E4DD2E /* RegisterManipulationThirdStepView.swift */; };
		C09543DF29B03B5900E4DD2E /* RegisterManipulationThirdStepController.swift in Sources */ = {isa = PBXBuildFile; fileRef = C09543DE29B03B5900E4DD2E /* RegisterManipulationThirdStepController.swift */; };
		C09543E129B03B6400E4DD2E /* RegisterManipulationThirdStepCoordinator.swift in Sources */ = {isa = PBXBuildFile; fileRef = C09543E029B03B6400E4DD2E /* RegisterManipulationThirdStepCoordinator.swift */; };
		C09543E329B0402200E4DD2E /* RegisterManipulationSecondStepViewModel.swift in Sources */ = {isa = PBXBuildFile; fileRef = C09543E229B0402200E4DD2E /* RegisterManipulationSecondStepViewModel.swift */; };
		C09543E629B0459B00E4DD2E /* RegisterManipulationConfirmStepView.swift in Sources */ = {isa = PBXBuildFile; fileRef = C09543E529B0459B00E4DD2E /* RegisterManipulationConfirmStepView.swift */; };
		C09543E829B045A100E4DD2E /* RegisterManipulationConfirmStepViewModel.swift in Sources */ = {isa = PBXBuildFile; fileRef = C09543E729B045A100E4DD2E /* RegisterManipulationConfirmStepViewModel.swift */; };
		C09543EA29B045A800E4DD2E /* RegisterManipulationConfirmStepViewController.swift in Sources */ = {isa = PBXBuildFile; fileRef = C09543E929B045A800E4DD2E /* RegisterManipulationConfirmStepViewController.swift */; };
		C09543EC29B045B000E4DD2E /* RegisterManipulationConfirmStepCoordinator.swift in Sources */ = {isa = PBXBuildFile; fileRef = C09543EB29B045B000E4DD2E /* RegisterManipulationConfirmStepCoordinator.swift */; };
		C09543EE29B04E7800E4DD2E /* RegisterManipulationThirdStepViewModel.swift in Sources */ = {isa = PBXBuildFile; fileRef = C09543ED29B04E7800E4DD2E /* RegisterManipulationThirdStepViewModel.swift */; };
		C09545BF29B1106000E4DD2E /* CurrentAccount.swift in Sources */ = {isa = PBXBuildFile; fileRef = C09545BE29B1106000E4DD2E /* CurrentAccount.swift */; };
		C09545C129B1406D00E4DD2E /* MNAlertView.swift in Sources */ = {isa = PBXBuildFile; fileRef = C09545C029B1406D00E4DD2E /* MNAlertView.swift */; };
		C09547B329B58DAE00E4DD2E /* Manipulation.swift in Sources */ = {isa = PBXBuildFile; fileRef = C09547B229B58DAE00E4DD2E /* Manipulation.swift */; };
		C09547B529B697C100E4DD2E /* EmptyListViewCell.swift in Sources */ = {isa = PBXBuildFile; fileRef = C09547B429B697C100E4DD2E /* EmptyListViewCell.swift */; };
		C0B819FB2995A30A00DC8C66 /* ProfileViewController.swift in Sources */ = {isa = PBXBuildFile; fileRef = C0B819FA2995A30A00DC8C66 /* ProfileViewController.swift */; };
		C0B819FD2995A31100DC8C66 /* ProfileView.swift in Sources */ = {isa = PBXBuildFile; fileRef = C0B819FC2995A31100DC8C66 /* ProfileView.swift */; };
		C0B819FF2995A31A00DC8C66 /* ProfileViewModel.swift in Sources */ = {isa = PBXBuildFile; fileRef = C0B819FE2995A31A00DC8C66 /* ProfileViewModel.swift */; };
		C0B81A012995A32400DC8C66 /* ProfileCoordinator.swift in Sources */ = {isa = PBXBuildFile; fileRef = C0B81A002995A32400DC8C66 /* ProfileCoordinator.swift */; };
		C0D20FA1295FEAC200581019 /* UIImage.swift in Sources */ = {isa = PBXBuildFile; fileRef = C0D20FA0295FEAC200581019 /* UIImage.swift */; };
		C0D20FA3296069B600581019 /* UseAveragesHomeViewController.swift in Sources */ = {isa = PBXBuildFile; fileRef = C0D20FA2296069B600581019 /* UseAveragesHomeViewController.swift */; };
		C0D20FA5296069C100581019 /* UseAveragesHomeView.swift in Sources */ = {isa = PBXBuildFile; fileRef = C0D20FA4296069C100581019 /* UseAveragesHomeView.swift */; };
		C0D20FA729606BF900581019 /* UseAveragesCoordinator.swift in Sources */ = {isa = PBXBuildFile; fileRef = C0D20FA629606BF900581019 /* UseAveragesCoordinator.swift */; };
		C0D20FA92960732C00581019 /* MenuItemView.swift in Sources */ = {isa = PBXBuildFile; fileRef = C0D20FA82960732C00581019 /* MenuItemView.swift */; };
		C0DDAB6D29D1431A0038DD39 /* fishBackgroundHome.mov in Resources */ = {isa = PBXBuildFile; fileRef = C0DDAB6A29D142E00038DD39 /* fishBackgroundHome.mov */; };
		C0DE0D6F297E22EE00E2CA7A /* AverageListView.swift in Sources */ = {isa = PBXBuildFile; fileRef = C0DE0D6E297E22EE00E2CA7A /* AverageListView.swift */; };
		C0DE0D71297E237300E2CA7A /* AverageType.swift in Sources */ = {isa = PBXBuildFile; fileRef = C0DE0D70297E237300E2CA7A /* AverageType.swift */; };
		C0DE0D73297E242300E2CA7A /* AverageListViewController.swift in Sources */ = {isa = PBXBuildFile; fileRef = C0DE0D72297E242300E2CA7A /* AverageListViewController.swift */; };
		C0DE0D75297E24A600E2CA7A /* AverageListCoordinator.swift in Sources */ = {isa = PBXBuildFile; fileRef = C0DE0D74297E24A600E2CA7A /* AverageListCoordinator.swift */; };
		C0DE0D78297E277900E2CA7A /* AverageViewModel.swift in Sources */ = {isa = PBXBuildFile; fileRef = C0DE0D77297E277900E2CA7A /* AverageViewModel.swift */; };
		C0DE0D7A297E27DC00E2CA7A /* AverageService.swift in Sources */ = {isa = PBXBuildFile; fileRef = C0DE0D79297E27DC00E2CA7A /* AverageService.swift */; };
		C0E0666329DE310400B897EC /* OnboardingViewController.swift in Sources */ = {isa = PBXBuildFile; fileRef = C0E0666229DE310400B897EC /* OnboardingViewController.swift */; };
		C0E0666529DE310E00B897EC /* OnboardingView.swift in Sources */ = {isa = PBXBuildFile; fileRef = C0E0666429DE310E00B897EC /* OnboardingView.swift */; };
		C0E200582981D7EF0086637D /* AverageByCollaboratorTableViewCell.swift in Sources */ = {isa = PBXBuildFile; fileRef = C0E200572981D7EF0086637D /* AverageByCollaboratorTableViewCell.swift */; };
		C0E2005B2981DA830086637D /* ManipulationsListViewController.swift in Sources */ = {isa = PBXBuildFile; fileRef = C0E2005A2981DA830086637D /* ManipulationsListViewController.swift */; };
		C0E2005D2981DA8C0086637D /* ManipulationsListView.swift in Sources */ = {isa = PBXBuildFile; fileRef = C0E2005C2981DA8C0086637D /* ManipulationsListView.swift */; };
		C0E2005F2981DA950086637D /* ManipulationsCoordinator.swift in Sources */ = {isa = PBXBuildFile; fileRef = C0E2005E2981DA950086637D /* ManipulationsCoordinator.swift */; };
		C0E200612981F3A90086637D /* ManipulationsTableViewCell.swift in Sources */ = {isa = PBXBuildFile; fileRef = C0E200602981F3A90086637D /* ManipulationsTableViewCell.swift */; };
		C0E20064298200500086637D /* ManipulationsDetailView.swift in Sources */ = {isa = PBXBuildFile; fileRef = C0E20063298200500086637D /* ManipulationsDetailView.swift */; };
		C0E2006629821F780086637D /* ManipulationsDetailViewController.swift in Sources */ = {isa = PBXBuildFile; fileRef = C0E2006529821F780086637D /* ManipulationsDetailViewController.swift */; };
		C0E2006829821FD00086637D /* ManipulationsDetailCoordinator.swift in Sources */ = {isa = PBXBuildFile; fileRef = C0E2006729821FD00086637D /* ManipulationsDetailCoordinator.swift */; };
/* End PBXBuildFile section */

/* Begin PBXFileReference section */
		C00A521B29D4FD27002F2533 /* ContributorService.swift */ = {isa = PBXFileReference; lastKnownFileType = sourcecode.swift; path = ContributorService.swift; sourceTree = "<group>"; };
		C00A521D29D52654002F2533 /* ProfileService.swift */ = {isa = PBXFileReference; lastKnownFileType = sourcecode.swift; path = ProfileService.swift; sourceTree = "<group>"; };
		C01EDEC12991E086007DE0A3 /* ProductsViewController.swift */ = {isa = PBXFileReference; lastKnownFileType = sourcecode.swift; path = ProductsViewController.swift; sourceTree = "<group>"; };
		C01EDEC32991E08F007DE0A3 /* ProductsView.swift */ = {isa = PBXFileReference; lastKnownFileType = sourcecode.swift; path = ProductsView.swift; sourceTree = "<group>"; };
		C01EDEC52991E09D007DE0A3 /* ProductsCoordinator.swift */ = {isa = PBXFileReference; lastKnownFileType = sourcecode.swift; path = ProductsCoordinator.swift; sourceTree = "<group>"; };
		C01EDEC72991E0DA007DE0A3 /* ProductsViewModel.swift */ = {isa = PBXFileReference; lastKnownFileType = sourcecode.swift; path = ProductsViewModel.swift; sourceTree = "<group>"; };
		C02A3301299DA478006D816F /* ContributorsTableViewCell.swift */ = {isa = PBXFileReference; lastKnownFileType = sourcecode.swift; path = ContributorsTableViewCell.swift; sourceTree = "<group>"; };
		C02A3304299DAA7B006D816F /* RegisterContributorsCoordinator.swift */ = {isa = PBXFileReference; lastKnownFileType = sourcecode.swift; path = RegisterContributorsCoordinator.swift; sourceTree = "<group>"; };
		C02A3306299DAAAC006D816F /* RegisterContributorsViewModel.swift */ = {isa = PBXFileReference; lastKnownFileType = sourcecode.swift; path = RegisterContributorsViewModel.swift; sourceTree = "<group>"; };
		C02A3308299DAADF006D816F /* RegisterContributorsView.swift */ = {isa = PBXFileReference; lastKnownFileType = sourcecode.swift; path = RegisterContributorsView.swift; sourceTree = "<group>"; };
		C02A330A299DAAED006D816F /* RegisterContributorsViewController.swift */ = {isa = PBXFileReference; lastKnownFileType = sourcecode.swift; path = RegisterContributorsViewController.swift; sourceTree = "<group>"; };
		C02A330D299DB355006D816F /* ProductType.swift */ = {isa = PBXFileReference; lastKnownFileType = sourcecode.swift; path = ProductType.swift; sourceTree = "<group>"; };
		C02A330F299DBBDE006D816F /* FilterProductType.swift */ = {isa = PBXFileReference; lastKnownFileType = sourcecode.swift; path = FilterProductType.swift; sourceTree = "<group>"; };
		C0334735295E071F0069C97F /* Manipulations.app */ = {isa = PBXFileReference; explicitFileType = wrapper.application; includeInIndex = 0; path = Manipulations.app; sourceTree = BUILT_PRODUCTS_DIR; };
		C0334738295E071F0069C97F /* AppDelegate.swift */ = {isa = PBXFileReference; lastKnownFileType = sourcecode.swift; path = AppDelegate.swift; sourceTree = "<group>"; };
		C033473A295E071F0069C97F /* SceneDelegate.swift */ = {isa = PBXFileReference; lastKnownFileType = sourcecode.swift; path = SceneDelegate.swift; sourceTree = "<group>"; };
		C033473C295E071F0069C97F /* HomeViewController.swift */ = {isa = PBXFileReference; lastKnownFileType = sourcecode.swift; path = HomeViewController.swift; sourceTree = "<group>"; };
		C0334741295E07210069C97F /* Assets.xcassets */ = {isa = PBXFileReference; lastKnownFileType = folder.assetcatalog; path = Assets.xcassets; sourceTree = "<group>"; };
		C0334744295E07210069C97F /* Base */ = {isa = PBXFileReference; lastKnownFileType = file.storyboard; name = Base; path = Base.lproj/LaunchScreen.storyboard; sourceTree = "<group>"; };
		C0334746295E07210069C97F /* Info.plist */ = {isa = PBXFileReference; lastKnownFileType = text.plist.xml; path = Info.plist; sourceTree = "<group>"; };
		C033474E295E0B3C0069C97F /* CoordinatorConfiguration.swift */ = {isa = PBXFileReference; fileEncoding = 4; lastKnownFileType = sourcecode.swift; path = CoordinatorConfiguration.swift; sourceTree = "<group>"; };
		C033474F295E0B3C0069C97F /* CoordinatedViewController.swift */ = {isa = PBXFileReference; fileEncoding = 4; lastKnownFileType = sourcecode.swift; path = CoordinatedViewController.swift; sourceTree = "<group>"; };
		C0334750295E0B3C0069C97F /* BaseCoordinator.swift */ = {isa = PBXFileReference; fileEncoding = 4; lastKnownFileType = sourcecode.swift; path = BaseCoordinator.swift; sourceTree = "<group>"; };
		C0334751295E0B3C0069C97F /* Coordinator.swift */ = {isa = PBXFileReference; fileEncoding = 4; lastKnownFileType = sourcecode.swift; path = Coordinator.swift; sourceTree = "<group>"; };
		C0334753295E0B3C0069C97F /* CascadeOperator.swift */ = {isa = PBXFileReference; fileEncoding = 4; lastKnownFileType = sourcecode.swift; path = CascadeOperator.swift; sourceTree = "<group>"; };
		C0334755295E0B3C0069C97F /* Icon.swift */ = {isa = PBXFileReference; fileEncoding = 4; lastKnownFileType = sourcecode.swift; path = Icon.swift; sourceTree = "<group>"; };
		C0334757295E0B3C0069C97F /* TrackEvent.swift */ = {isa = PBXFileReference; fileEncoding = 4; lastKnownFileType = sourcecode.swift; path = TrackEvent.swift; sourceTree = "<group>"; };
		C0334758295E0B3C0069C97F /* MNUserDefaults.swift */ = {isa = PBXFileReference; fileEncoding = 4; lastKnownFileType = sourcecode.swift; path = MNUserDefaults.swift; sourceTree = "<group>"; };
		C0334759295E0B3C0069C97F /* KeychainService.swift */ = {isa = PBXFileReference; fileEncoding = 4; lastKnownFileType = sourcecode.swift; path = KeychainService.swift; sourceTree = "<group>"; };
		C033475A295E0B3C0069C97F /* MNKeys.swift */ = {isa = PBXFileReference; fileEncoding = 4; lastKnownFileType = sourcecode.swift; path = MNKeys.swift; sourceTree = "<group>"; };
		C033475C295E0B3C0069C97F /* Bool+Ext.swift */ = {isa = PBXFileReference; fileEncoding = 4; lastKnownFileType = sourcecode.swift; path = "Bool+Ext.swift"; sourceTree = "<group>"; };
		C033475D295E0B3C0069C97F /* UIViewController+Extensions.swift */ = {isa = PBXFileReference; fileEncoding = 4; lastKnownFileType = sourcecode.swift; path = "UIViewController+Extensions.swift"; sourceTree = "<group>"; };
		C033475E295E0B3C0069C97F /* UIButton+Extensions.swift */ = {isa = PBXFileReference; fileEncoding = 4; lastKnownFileType = sourcecode.swift; path = "UIButton+Extensions.swift"; sourceTree = "<group>"; };
		C033475F295E0B3C0069C97F /* UIView+Extensions.swift */ = {isa = PBXFileReference; fileEncoding = 4; lastKnownFileType = sourcecode.swift; path = "UIView+Extensions.swift"; sourceTree = "<group>"; };
		C0334760295E0B3C0069C97F /* String+Extensions.swift */ = {isa = PBXFileReference; fileEncoding = 4; lastKnownFileType = sourcecode.swift; path = "String+Extensions.swift"; sourceTree = "<group>"; };
		C0334761295E0B3C0069C97F /* UIColor+Extensions.swift */ = {isa = PBXFileReference; fileEncoding = 4; lastKnownFileType = sourcecode.swift; path = "UIColor+Extensions.swift"; sourceTree = "<group>"; };
		C0334762295E0B3C0069C97F /* Date+Ext.swift */ = {isa = PBXFileReference; fileEncoding = 4; lastKnownFileType = sourcecode.swift; path = "Date+Ext.swift"; sourceTree = "<group>"; };
		C0334763295E0B3C0069C97F /* Weakify+Ext.swift */ = {isa = PBXFileReference; fileEncoding = 4; lastKnownFileType = sourcecode.swift; path = "Weakify+Ext.swift"; sourceTree = "<group>"; };
		C0334764295E0B3C0069C97F /* Array+Ext.swift */ = {isa = PBXFileReference; fileEncoding = 4; lastKnownFileType = sourcecode.swift; path = "Array+Ext.swift"; sourceTree = "<group>"; };
		C0334765295E0B3C0069C97F /* UITextField+Extensions.swift */ = {isa = PBXFileReference; fileEncoding = 4; lastKnownFileType = sourcecode.swift; path = "UITextField+Extensions.swift"; sourceTree = "<group>"; };
		C0334767295E0B3C0069C97F /* CardButtonView.swift */ = {isa = PBXFileReference; fileEncoding = 4; lastKnownFileType = sourcecode.swift; path = CardButtonView.swift; sourceTree = "<group>"; };
		C0334768295E0B3C0069C97F /* CardView.swift */ = {isa = PBXFileReference; fileEncoding = 4; lastKnownFileType = sourcecode.swift; path = CardView.swift; sourceTree = "<group>"; };
		C0334769295E0B3C0069C97F /* ScrollToTopButton.swift */ = {isa = PBXFileReference; fileEncoding = 4; lastKnownFileType = sourcecode.swift; path = ScrollToTopButton.swift; sourceTree = "<group>"; };
		C033476A295E0B3C0069C97F /* MNLabel.swift */ = {isa = PBXFileReference; fileEncoding = 4; lastKnownFileType = sourcecode.swift; path = MNLabel.swift; sourceTree = "<group>"; };
		C033476B295E0B3C0069C97F /* FilterSegmentedControl.swift */ = {isa = PBXFileReference; fileEncoding = 4; lastKnownFileType = sourcecode.swift; path = FilterSegmentedControl.swift; sourceTree = "<group>"; };
		C033476C295E0B3C0069C97F /* IconButton.swift */ = {isa = PBXFileReference; fileEncoding = 4; lastKnownFileType = sourcecode.swift; path = IconButton.swift; sourceTree = "<group>"; };
		C033476D295E0B3C0069C97F /* BottomSheetView.swift */ = {isa = PBXFileReference; fileEncoding = 4; lastKnownFileType = sourcecode.swift; path = BottomSheetView.swift; sourceTree = "<group>"; };
		C033476E295E0B3C0069C97F /* CustomTextField.swift */ = {isa = PBXFileReference; fileEncoding = 4; lastKnownFileType = sourcecode.swift; path = CustomTextField.swift; sourceTree = "<group>"; };
		C033476F295E0B3C0069C97F /* CardIconAndTitleView.swift */ = {isa = PBXFileReference; fileEncoding = 4; lastKnownFileType = sourcecode.swift; path = CardIconAndTitleView.swift; sourceTree = "<group>"; };
		C0334770295E0B3C0069C97F /* MNView.swift */ = {isa = PBXFileReference; fileEncoding = 4; lastKnownFileType = sourcecode.swift; path = MNView.swift; sourceTree = "<group>"; };
		C0334771295E0B3C0069C97F /* TappedView.swift */ = {isa = PBXFileReference; fileEncoding = 4; lastKnownFileType = sourcecode.swift; path = TappedView.swift; sourceTree = "<group>"; };
		C0334772295E0B3C0069C97F /* CustomSubmitButton.swift */ = {isa = PBXFileReference; fileEncoding = 4; lastKnownFileType = sourcecode.swift; path = CustomSubmitButton.swift; sourceTree = "<group>"; };
		C0334773295E0B3C0069C97F /* ErrorView.swift */ = {isa = PBXFileReference; fileEncoding = 4; lastKnownFileType = sourcecode.swift; path = ErrorView.swift; sourceTree = "<group>"; };
		C0334775295E0B3C0069C97F /* Bindable.swift */ = {isa = PBXFileReference; fileEncoding = 4; lastKnownFileType = sourcecode.swift; path = Bindable.swift; sourceTree = "<group>"; };
		C0334777295E0B3C0069C97F /* ViewCodeContract.swift */ = {isa = PBXFileReference; fileEncoding = 4; lastKnownFileType = sourcecode.swift; path = ViewCodeContract.swift; sourceTree = "<group>"; };
		C0334779295E0B3C0069C97F /* Constants.swift */ = {isa = PBXFileReference; fileEncoding = 4; lastKnownFileType = sourcecode.swift; path = Constants.swift; sourceTree = "<group>"; };
		C033477A295E0B3C0069C97F /* UIView+SafeAreaAnchors.swift */ = {isa = PBXFileReference; fileEncoding = 4; lastKnownFileType = sourcecode.swift; path = "UIView+SafeAreaAnchors.swift"; sourceTree = "<group>"; };
		C033477C295E0B3C0069C97F /* PDFContent.swift */ = {isa = PBXFileReference; fileEncoding = 4; lastKnownFileType = sourcecode.swift; path = PDFContent.swift; sourceTree = "<group>"; };
		C033477D295E0B3C0069C97F /* PDFConfigurationType.swift */ = {isa = PBXFileReference; fileEncoding = 4; lastKnownFileType = sourcecode.swift; path = PDFConfigurationType.swift; sourceTree = "<group>"; };
		C033477E295E0B3C0069C97F /* Table.swift */ = {isa = PBXFileReference; fileEncoding = 4; lastKnownFileType = sourcecode.swift; path = Table.swift; sourceTree = "<group>"; };
		C033477F295E0B3C0069C97F /* PDFBuilder.swift */ = {isa = PBXFileReference; fileEncoding = 4; lastKnownFileType = sourcecode.swift; path = PDFBuilder.swift; sourceTree = "<group>"; };
		C0334780295E0B3C0069C97F /* NSLayoutDimension+Extension.swift */ = {isa = PBXFileReference; fileEncoding = 4; lastKnownFileType = sourcecode.swift; path = "NSLayoutDimension+Extension.swift"; sourceTree = "<group>"; };
		C0334781295E0B3C0069C97F /* AutoLayoutOption.swift */ = {isa = PBXFileReference; fileEncoding = 4; lastKnownFileType = sourcecode.swift; path = AutoLayoutOption.swift; sourceTree = "<group>"; };
		C0334782295E0B3C0069C97F /* UIView+LayoutGuides.swift */ = {isa = PBXFileReference; fileEncoding = 4; lastKnownFileType = sourcecode.swift; path = "UIView+LayoutGuides.swift"; sourceTree = "<group>"; };
		C0334783295E0B3C0069C97F /* Padding.swift */ = {isa = PBXFileReference; fileEncoding = 4; lastKnownFileType = sourcecode.swift; path = Padding.swift; sourceTree = "<group>"; };
		C0334784295E0B3C0069C97F /* UIView+RawAnchors.swift */ = {isa = PBXFileReference; fileEncoding = 4; lastKnownFileType = sourcecode.swift; path = "UIView+RawAnchors.swift"; sourceTree = "<group>"; };
		C0334785295E0B3C0069C97F /* ActionTypealias.swift */ = {isa = PBXFileReference; fileEncoding = 4; lastKnownFileType = sourcecode.swift; path = ActionTypealias.swift; sourceTree = "<group>"; };
		C0334786295E0B3C0069C97F /* UIView+AxisAttribute.swift */ = {isa = PBXFileReference; fileEncoding = 4; lastKnownFileType = sourcecode.swift; path = "UIView+AxisAttribute.swift"; sourceTree = "<group>"; };
		C03347BC295E0E2A0069C97F /* HomeCoordinator.swift */ = {isa = PBXFileReference; lastKnownFileType = sourcecode.swift; path = HomeCoordinator.swift; sourceTree = "<group>"; };
		C03347BE295E0F6D0069C97F /* HomeViewModel.swift */ = {isa = PBXFileReference; lastKnownFileType = sourcecode.swift; path = HomeViewModel.swift; sourceTree = "<group>"; };
		C03347C0295E0FC40069C97F /* HomeService.swift */ = {isa = PBXFileReference; lastKnownFileType = sourcecode.swift; path = HomeService.swift; sourceTree = "<group>"; };
		C03347C6295E14700069C97F /* HomeView.swift */ = {isa = PBXFileReference; lastKnownFileType = sourcecode.swift; path = HomeView.swift; sourceTree = "<group>"; };
		C03BF1D529808F71004220CA /* AverageByProductTableViewCell.swift */ = {isa = PBXFileReference; lastKnownFileType = sourcecode.swift; path = AverageByProductTableViewCell.swift; sourceTree = "<group>"; };
		C05418FB29D3AFED00F8422A /* Manipulations.entitlements */ = {isa = PBXFileReference; lastKnownFileType = text.plist.entitlements; path = Manipulations.entitlements; sourceTree = "<group>"; };
		C0546528298C7A8C00805BF7 /* GripView.swift */ = {isa = PBXFileReference; lastKnownFileType = sourcecode.swift; path = GripView.swift; sourceTree = "<group>"; };
		C05D26AE295E238A001400E3 /* ProfileHeaderView.swift */ = {isa = PBXFileReference; lastKnownFileType = sourcecode.swift; path = ProfileHeaderView.swift; sourceTree = "<group>"; };
		C05D287F295E2859001400E3 /* CGFloat+Ext.swift */ = {isa = PBXFileReference; lastKnownFileType = sourcecode.swift; path = "CGFloat+Ext.swift"; sourceTree = "<group>"; };
		C05D2883295E2D42001400E3 /* MenuCollectionCell.swift */ = {isa = PBXFileReference; lastKnownFileType = sourcecode.swift; path = MenuCollectionCell.swift; sourceTree = "<group>"; };
		C06EDFE9299326270080F07B /* ProductsTableViewCell.swift */ = {isa = PBXFileReference; lastKnownFileType = sourcecode.swift; path = ProductsTableViewCell.swift; sourceTree = "<group>"; };
		C06EDFEB29932F050080F07B /* RegisterProductsView.swift */ = {isa = PBXFileReference; lastKnownFileType = sourcecode.swift; path = RegisterProductsView.swift; sourceTree = "<group>"; };
		C06EDFED29932F0F0080F07B /* RegisterProductsViewController.swift */ = {isa = PBXFileReference; lastKnownFileType = sourcecode.swift; path = RegisterProductsViewController.swift; sourceTree = "<group>"; };
		C06EDFEF29932F190080F07B /* RegisterProductsCoordinator.swift */ = {isa = PBXFileReference; lastKnownFileType = sourcecode.swift; path = RegisterProductsCoordinator.swift; sourceTree = "<group>"; };
		C06EDFF129932F220080F07B /* RegisterProductsViewModel.swift */ = {isa = PBXFileReference; lastKnownFileType = sourcecode.swift; path = RegisterProductsViewModel.swift; sourceTree = "<group>"; };
		C0821A2029947CB400C8E2F0 /* ContributorsViewController.swift */ = {isa = PBXFileReference; lastKnownFileType = sourcecode.swift; path = ContributorsViewController.swift; sourceTree = "<group>"; };
		C0821A2229947CBB00C8E2F0 /* ContributorsView.swift */ = {isa = PBXFileReference; lastKnownFileType = sourcecode.swift; path = ContributorsView.swift; sourceTree = "<group>"; };
		C0821A2429947CC200C8E2F0 /* ContributorsViewModel.swift */ = {isa = PBXFileReference; lastKnownFileType = sourcecode.swift; path = ContributorsViewModel.swift; sourceTree = "<group>"; };
		C0821A2629947CCA00C8E2F0 /* ContributorsCoordinator.swift */ = {isa = PBXFileReference; lastKnownFileType = sourcecode.swift; path = ContributorsCoordinator.swift; sourceTree = "<group>"; };
		C08AE64129D27BAD00143114 /* ProductService.swift */ = {isa = PBXFileReference; lastKnownFileType = sourcecode.swift; path = ProductService.swift; sourceTree = "<group>"; };
		C08D873B29B7F9C500A252F0 /* LoginViewController.swift */ = {isa = PBXFileReference; lastKnownFileType = sourcecode.swift; path = LoginViewController.swift; sourceTree = "<group>"; };
		C08D873D29B7F9CC00A252F0 /* LoginViewModel.swift */ = {isa = PBXFileReference; lastKnownFileType = sourcecode.swift; path = LoginViewModel.swift; sourceTree = "<group>"; };
		C08D873F29B7F9D700A252F0 /* LoginCoordinator.swift */ = {isa = PBXFileReference; lastKnownFileType = sourcecode.swift; path = LoginCoordinator.swift; sourceTree = "<group>"; };
		C092F8032989FD5700C61131 /* ManipulationsListViewModel.swift */ = {isa = PBXFileReference; lastKnownFileType = sourcecode.swift; path = ManipulationsListViewModel.swift; sourceTree = "<group>"; };
		C09541A929AE7E3300E4DD2E /* RegisterManipulationView.swift */ = {isa = PBXFileReference; lastKnownFileType = sourcecode.swift; path = RegisterManipulationView.swift; sourceTree = "<group>"; };
		C09541AB29AE7E3A00E4DD2E /* RegisterManipulationViewController.swift */ = {isa = PBXFileReference; lastKnownFileType = sourcecode.swift; path = RegisterManipulationViewController.swift; sourceTree = "<group>"; };
		C09541AD29AE7E4000E4DD2E /* RegisterManipulationViewModel.swift */ = {isa = PBXFileReference; lastKnownFileType = sourcecode.swift; path = RegisterManipulationViewModel.swift; sourceTree = "<group>"; };
		C09541AF29AE7E4700E4DD2E /* RegisterManipulationCoordinator.swift */ = {isa = PBXFileReference; lastKnownFileType = sourcecode.swift; path = RegisterManipulationCoordinator.swift; sourceTree = "<group>"; };
		C09541B229AE972800E4DD2E /* Contributor.swift */ = {isa = PBXFileReference; lastKnownFileType = sourcecode.swift; path = Contributor.swift; sourceTree = "<group>"; };
		C09541B429AE980900E4DD2E /* Product.swift */ = {isa = PBXFileReference; lastKnownFileType = sourcecode.swift; path = Product.swift; sourceTree = "<group>"; };
		C09541B629AEB99000E4DD2E /* RoundedStepView.swift */ = {isa = PBXFileReference; lastKnownFileType = sourcecode.swift; path = RoundedStepView.swift; sourceTree = "<group>"; };
		C09541B829AEEF5100E4DD2E /* RegisterManipulationSecondStepView.swift */ = {isa = PBXFileReference; lastKnownFileType = sourcecode.swift; path = RegisterManipulationSecondStepView.swift; sourceTree = "<group>"; };
		C09541BB29AEEF7400E4DD2E /* RegisterManipulationSecondStepViewController.swift */ = {isa = PBXFileReference; lastKnownFileType = sourcecode.swift; path = RegisterManipulationSecondStepViewController.swift; sourceTree = "<group>"; };
		C09541BF29AEEF9000E4DD2E /* RegisterManipulationSecondStepCoordinator.swift */ = {isa = PBXFileReference; lastKnownFileType = sourcecode.swift; path = RegisterManipulationSecondStepCoordinator.swift; sourceTree = "<group>"; };
		C09543DC29B038F300E4DD2E /* RegisterManipulationThirdStepView.swift */ = {isa = PBXFileReference; lastKnownFileType = sourcecode.swift; path = RegisterManipulationThirdStepView.swift; sourceTree = "<group>"; };
		C09543DE29B03B5900E4DD2E /* RegisterManipulationThirdStepController.swift */ = {isa = PBXFileReference; lastKnownFileType = sourcecode.swift; path = RegisterManipulationThirdStepController.swift; sourceTree = "<group>"; };
		C09543E029B03B6400E4DD2E /* RegisterManipulationThirdStepCoordinator.swift */ = {isa = PBXFileReference; lastKnownFileType = sourcecode.swift; path = RegisterManipulationThirdStepCoordinator.swift; sourceTree = "<group>"; };
		C09543E229B0402200E4DD2E /* RegisterManipulationSecondStepViewModel.swift */ = {isa = PBXFileReference; lastKnownFileType = sourcecode.swift; path = RegisterManipulationSecondStepViewModel.swift; sourceTree = "<group>"; };
		C09543E529B0459B00E4DD2E /* RegisterManipulationConfirmStepView.swift */ = {isa = PBXFileReference; lastKnownFileType = sourcecode.swift; path = RegisterManipulationConfirmStepView.swift; sourceTree = "<group>"; };
		C09543E729B045A100E4DD2E /* RegisterManipulationConfirmStepViewModel.swift */ = {isa = PBXFileReference; lastKnownFileType = sourcecode.swift; path = RegisterManipulationConfirmStepViewModel.swift; sourceTree = "<group>"; };
		C09543E929B045A800E4DD2E /* RegisterManipulationConfirmStepViewController.swift */ = {isa = PBXFileReference; lastKnownFileType = sourcecode.swift; path = RegisterManipulationConfirmStepViewController.swift; sourceTree = "<group>"; };
		C09543EB29B045B000E4DD2E /* RegisterManipulationConfirmStepCoordinator.swift */ = {isa = PBXFileReference; lastKnownFileType = sourcecode.swift; path = RegisterManipulationConfirmStepCoordinator.swift; sourceTree = "<group>"; };
		C09543ED29B04E7800E4DD2E /* RegisterManipulationThirdStepViewModel.swift */ = {isa = PBXFileReference; lastKnownFileType = sourcecode.swift; path = RegisterManipulationThirdStepViewModel.swift; sourceTree = "<group>"; };
		C09545BE29B1106000E4DD2E /* CurrentAccount.swift */ = {isa = PBXFileReference; lastKnownFileType = sourcecode.swift; path = CurrentAccount.swift; sourceTree = "<group>"; };
		C09545C029B1406D00E4DD2E /* MNAlertView.swift */ = {isa = PBXFileReference; lastKnownFileType = sourcecode.swift; path = MNAlertView.swift; sourceTree = "<group>"; };
		C09547B229B58DAE00E4DD2E /* Manipulation.swift */ = {isa = PBXFileReference; lastKnownFileType = sourcecode.swift; path = Manipulation.swift; sourceTree = "<group>"; };
		C09547B429B697C100E4DD2E /* EmptyListViewCell.swift */ = {isa = PBXFileReference; lastKnownFileType = sourcecode.swift; path = EmptyListViewCell.swift; sourceTree = "<group>"; };
		C0B819FA2995A30A00DC8C66 /* ProfileViewController.swift */ = {isa = PBXFileReference; lastKnownFileType = sourcecode.swift; path = ProfileViewController.swift; sourceTree = "<group>"; };
		C0B819FC2995A31100DC8C66 /* ProfileView.swift */ = {isa = PBXFileReference; lastKnownFileType = sourcecode.swift; path = ProfileView.swift; sourceTree = "<group>"; };
		C0B819FE2995A31A00DC8C66 /* ProfileViewModel.swift */ = {isa = PBXFileReference; lastKnownFileType = sourcecode.swift; path = ProfileViewModel.swift; sourceTree = "<group>"; };
		C0B81A002995A32400DC8C66 /* ProfileCoordinator.swift */ = {isa = PBXFileReference; lastKnownFileType = sourcecode.swift; path = ProfileCoordinator.swift; sourceTree = "<group>"; };
		C0D20FA0295FEAC200581019 /* UIImage.swift */ = {isa = PBXFileReference; lastKnownFileType = sourcecode.swift; path = UIImage.swift; sourceTree = "<group>"; };
		C0D20FA2296069B600581019 /* UseAveragesHomeViewController.swift */ = {isa = PBXFileReference; lastKnownFileType = sourcecode.swift; path = UseAveragesHomeViewController.swift; sourceTree = "<group>"; };
		C0D20FA4296069C100581019 /* UseAveragesHomeView.swift */ = {isa = PBXFileReference; lastKnownFileType = sourcecode.swift; path = UseAveragesHomeView.swift; sourceTree = "<group>"; };
		C0D20FA629606BF900581019 /* UseAveragesCoordinator.swift */ = {isa = PBXFileReference; lastKnownFileType = sourcecode.swift; path = UseAveragesCoordinator.swift; sourceTree = "<group>"; };
		C0D20FA82960732C00581019 /* MenuItemView.swift */ = {isa = PBXFileReference; lastKnownFileType = sourcecode.swift; path = MenuItemView.swift; sourceTree = "<group>"; };
		C0DDAB6A29D142E00038DD39 /* fishBackgroundHome.mov */ = {isa = PBXFileReference; lastKnownFileType = video.quicktime; path = fishBackgroundHome.mov; sourceTree = "<group>"; };
		C0DE0D6E297E22EE00E2CA7A /* AverageListView.swift */ = {isa = PBXFileReference; lastKnownFileType = sourcecode.swift; path = AverageListView.swift; sourceTree = "<group>"; };
		C0DE0D70297E237300E2CA7A /* AverageType.swift */ = {isa = PBXFileReference; lastKnownFileType = sourcecode.swift; path = AverageType.swift; sourceTree = "<group>"; };
		C0DE0D72297E242300E2CA7A /* AverageListViewController.swift */ = {isa = PBXFileReference; lastKnownFileType = sourcecode.swift; path = AverageListViewController.swift; sourceTree = "<group>"; };
		C0DE0D74297E24A600E2CA7A /* AverageListCoordinator.swift */ = {isa = PBXFileReference; lastKnownFileType = sourcecode.swift; path = AverageListCoordinator.swift; sourceTree = "<group>"; };
		C0DE0D77297E277900E2CA7A /* AverageViewModel.swift */ = {isa = PBXFileReference; lastKnownFileType = sourcecode.swift; path = AverageViewModel.swift; sourceTree = "<group>"; };
		C0DE0D79297E27DC00E2CA7A /* AverageService.swift */ = {isa = PBXFileReference; lastKnownFileType = sourcecode.swift; path = AverageService.swift; sourceTree = "<group>"; };
		C0E0666229DE310400B897EC /* OnboardingViewController.swift */ = {isa = PBXFileReference; lastKnownFileType = sourcecode.swift; path = OnboardingViewController.swift; sourceTree = "<group>"; };
		C0E0666429DE310E00B897EC /* OnboardingView.swift */ = {isa = PBXFileReference; lastKnownFileType = sourcecode.swift; path = OnboardingView.swift; sourceTree = "<group>"; };
		C0E200572981D7EF0086637D /* AverageByCollaboratorTableViewCell.swift */ = {isa = PBXFileReference; lastKnownFileType = sourcecode.swift; path = AverageByCollaboratorTableViewCell.swift; sourceTree = "<group>"; };
		C0E2005A2981DA830086637D /* ManipulationsListViewController.swift */ = {isa = PBXFileReference; lastKnownFileType = sourcecode.swift; path = ManipulationsListViewController.swift; sourceTree = "<group>"; };
		C0E2005C2981DA8C0086637D /* ManipulationsListView.swift */ = {isa = PBXFileReference; lastKnownFileType = sourcecode.swift; path = ManipulationsListView.swift; sourceTree = "<group>"; };
		C0E2005E2981DA950086637D /* ManipulationsCoordinator.swift */ = {isa = PBXFileReference; lastKnownFileType = sourcecode.swift; path = ManipulationsCoordinator.swift; sourceTree = "<group>"; };
		C0E200602981F3A90086637D /* ManipulationsTableViewCell.swift */ = {isa = PBXFileReference; lastKnownFileType = sourcecode.swift; path = ManipulationsTableViewCell.swift; sourceTree = "<group>"; };
		C0E20063298200500086637D /* ManipulationsDetailView.swift */ = {isa = PBXFileReference; lastKnownFileType = sourcecode.swift; path = ManipulationsDetailView.swift; sourceTree = "<group>"; };
		C0E2006529821F780086637D /* ManipulationsDetailViewController.swift */ = {isa = PBXFileReference; lastKnownFileType = sourcecode.swift; path = ManipulationsDetailViewController.swift; sourceTree = "<group>"; };
		C0E2006729821FD00086637D /* ManipulationsDetailCoordinator.swift */ = {isa = PBXFileReference; lastKnownFileType = sourcecode.swift; path = ManipulationsDetailCoordinator.swift; sourceTree = "<group>"; };
/* End PBXFileReference section */

/* Begin PBXFrameworksBuildPhase section */
		C0334732295E071F0069C97F /* Frameworks */ = {
			isa = PBXFrameworksBuildPhase;
			buildActionMask = 2147483647;
			files = (
			);
			runOnlyForDeploymentPostprocessing = 0;
		};
/* End PBXFrameworksBuildPhase section */

/* Begin PBXGroup section */
		C01EDEBF2991E021007DE0A3 /* Product */ = {
			isa = PBXGroup;
			children = (
				C02A330C299DB347006D816F /* Model */,
				C01EDEC02991E028007DE0A3 /* RegisterProduct */,
				C01EDEC12991E086007DE0A3 /* ProductsViewController.swift */,
				C01EDEC32991E08F007DE0A3 /* ProductsView.swift */,
				C01EDEC52991E09D007DE0A3 /* ProductsCoordinator.swift */,
				C01EDEC72991E0DA007DE0A3 /* ProductsViewModel.swift */,
				C06EDFE9299326270080F07B /* ProductsTableViewCell.swift */,
				C08AE64129D27BAD00143114 /* ProductService.swift */,
			);
			path = Product;
			sourceTree = "<group>";
		};
		C01EDEC02991E028007DE0A3 /* RegisterProduct */ = {
			isa = PBXGroup;
			children = (
				C06EDFEB29932F050080F07B /* RegisterProductsView.swift */,
				C06EDFED29932F0F0080F07B /* RegisterProductsViewController.swift */,
				C06EDFEF29932F190080F07B /* RegisterProductsCoordinator.swift */,
				C06EDFF129932F220080F07B /* RegisterProductsViewModel.swift */,
			);
			path = RegisterProduct;
			sourceTree = "<group>";
		};
		C02A3303299DAA66006D816F /* RegisterContributors */ = {
			isa = PBXGroup;
			children = (
				C02A3304299DAA7B006D816F /* RegisterContributorsCoordinator.swift */,
				C02A3306299DAAAC006D816F /* RegisterContributorsViewModel.swift */,
				C02A330A299DAAED006D816F /* RegisterContributorsViewController.swift */,
				C02A3308299DAADF006D816F /* RegisterContributorsView.swift */,
			);
			path = RegisterContributors;
			sourceTree = "<group>";
		};
		C02A330C299DB347006D816F /* Model */ = {
			isa = PBXGroup;
			children = (
				C02A330D299DB355006D816F /* ProductType.swift */,
				C09541B429AE980900E4DD2E /* Product.swift */,
			);
			path = Model;
			sourceTree = "<group>";
		};
		C033472C295E071F0069C97F = {
			isa = PBXGroup;
			children = (
				C0334737295E071F0069C97F /* Manipulations */,
				C0334736295E071F0069C97F /* Products */,
			);
			sourceTree = "<group>";
		};
		C0334736295E071F0069C97F /* Products */ = {
			isa = PBXGroup;
			children = (
				C0334735295E071F0069C97F /* Manipulations.app */,
			);
			name = Products;
			sourceTree = "<group>";
		};
		C0334737295E071F0069C97F /* Manipulations */ = {
			isa = PBXGroup;
			children = (
				C05418FB29D3AFED00F8422A /* Manipulations.entitlements */,
				C0DDAB6A29D142E00038DD39 /* fishBackgroundHome.mov */,
				C0334746295E07210069C97F /* Info.plist */,
				C03347BA295E0DDE0069C97F /* Infra */,
				C033474C295E0B3C0069C97F /* Resources */,
				C03347B9295E0DCF0069C97F /* Source */,
			);
			path = Manipulations;
			sourceTree = "<group>";
		};
		C033474C295E0B3C0069C97F /* Resources */ = {
			isa = PBXGroup;
			children = (
				C033474D295E0B3C0069C97F /* Coordinator */,
				C0334752295E0B3C0069C97F /* Operators */,
				C0334754295E0B3C0069C97F /* Enums */,
				C0334756295E0B3C0069C97F /* Utils */,
				C033475B295E0B3C0069C97F /* Extensions */,
				C0334766295E0B3C0069C97F /* UIComponents */,
				C0334774295E0B3C0069C97F /* Bindable */,
				C0334776295E0B3C0069C97F /* Protocols */,
				C0334778295E0B3C0069C97F /* Helpers */,
			);
			path = Resources;
			sourceTree = "<group>";
		};
		C033474D295E0B3C0069C97F /* Coordinator */ = {
			isa = PBXGroup;
			children = (
				C033474E295E0B3C0069C97F /* CoordinatorConfiguration.swift */,
				C033474F295E0B3C0069C97F /* CoordinatedViewController.swift */,
				C0334750295E0B3C0069C97F /* BaseCoordinator.swift */,
				C0334751295E0B3C0069C97F /* Coordinator.swift */,
			);
			path = Coordinator;
			sourceTree = "<group>";
		};
		C0334752295E0B3C0069C97F /* Operators */ = {
			isa = PBXGroup;
			children = (
				C0334753295E0B3C0069C97F /* CascadeOperator.swift */,
			);
			path = Operators;
			sourceTree = "<group>";
		};
		C0334754295E0B3C0069C97F /* Enums */ = {
			isa = PBXGroup;
			children = (
				C0334755295E0B3C0069C97F /* Icon.swift */,
			);
			path = Enums;
			sourceTree = "<group>";
		};
		C0334756295E0B3C0069C97F /* Utils */ = {
			isa = PBXGroup;
			children = (
				C0334757295E0B3C0069C97F /* TrackEvent.swift */,
				C0334758295E0B3C0069C97F /* MNUserDefaults.swift */,
				C0334759295E0B3C0069C97F /* KeychainService.swift */,
				C033475A295E0B3C0069C97F /* MNKeys.swift */,
			);
			path = Utils;
			sourceTree = "<group>";
		};
		C033475B295E0B3C0069C97F /* Extensions */ = {
			isa = PBXGroup;
			children = (
				C033475C295E0B3C0069C97F /* Bool+Ext.swift */,
				C033475D295E0B3C0069C97F /* UIViewController+Extensions.swift */,
				C033475E295E0B3C0069C97F /* UIButton+Extensions.swift */,
				C033475F295E0B3C0069C97F /* UIView+Extensions.swift */,
				C0334760295E0B3C0069C97F /* String+Extensions.swift */,
				C0334761295E0B3C0069C97F /* UIColor+Extensions.swift */,
				C0334762295E0B3C0069C97F /* Date+Ext.swift */,
				C0334763295E0B3C0069C97F /* Weakify+Ext.swift */,
				C0334764295E0B3C0069C97F /* Array+Ext.swift */,
				C0334765295E0B3C0069C97F /* UITextField+Extensions.swift */,
				C05D287F295E2859001400E3 /* CGFloat+Ext.swift */,
				C0D20FA0295FEAC200581019 /* UIImage.swift */,
			);
			path = Extensions;
			sourceTree = "<group>";
		};
		C0334766295E0B3C0069C97F /* UIComponents */ = {
			isa = PBXGroup;
			children = (
				C0334767295E0B3C0069C97F /* CardButtonView.swift */,
				C0334768295E0B3C0069C97F /* CardView.swift */,
				C0334769295E0B3C0069C97F /* ScrollToTopButton.swift */,
				C033476A295E0B3C0069C97F /* MNLabel.swift */,
				C033476B295E0B3C0069C97F /* FilterSegmentedControl.swift */,
				C033476C295E0B3C0069C97F /* IconButton.swift */,
				C033476D295E0B3C0069C97F /* BottomSheetView.swift */,
				C033476E295E0B3C0069C97F /* CustomTextField.swift */,
				C033476F295E0B3C0069C97F /* CardIconAndTitleView.swift */,
				C0334770295E0B3C0069C97F /* MNView.swift */,
				C0334771295E0B3C0069C97F /* TappedView.swift */,
				C0334772295E0B3C0069C97F /* CustomSubmitButton.swift */,
				C0334773295E0B3C0069C97F /* ErrorView.swift */,
				C0546528298C7A8C00805BF7 /* GripView.swift */,
				C02A330F299DBBDE006D816F /* FilterProductType.swift */,
				C09541B629AEB99000E4DD2E /* RoundedStepView.swift */,
				C09545C029B1406D00E4DD2E /* MNAlertView.swift */,
			);
			path = UIComponents;
			sourceTree = "<group>";
		};
		C0334774295E0B3C0069C97F /* Bindable */ = {
			isa = PBXGroup;
			children = (
				C0334775295E0B3C0069C97F /* Bindable.swift */,
			);
			path = Bindable;
			sourceTree = "<group>";
		};
		C0334776295E0B3C0069C97F /* Protocols */ = {
			isa = PBXGroup;
			children = (
				C0334777295E0B3C0069C97F /* ViewCodeContract.swift */,
			);
			path = Protocols;
			sourceTree = "<group>";
		};
		C0334778295E0B3C0069C97F /* Helpers */ = {
			isa = PBXGroup;
			children = (
				C0334779295E0B3C0069C97F /* Constants.swift */,
				C033477A295E0B3C0069C97F /* UIView+SafeAreaAnchors.swift */,
				C033477B295E0B3C0069C97F /* PDF */,
				C0334780295E0B3C0069C97F /* NSLayoutDimension+Extension.swift */,
				C0334781295E0B3C0069C97F /* AutoLayoutOption.swift */,
				C0334782295E0B3C0069C97F /* UIView+LayoutGuides.swift */,
				C0334783295E0B3C0069C97F /* Padding.swift */,
				C0334784295E0B3C0069C97F /* UIView+RawAnchors.swift */,
				C0334785295E0B3C0069C97F /* ActionTypealias.swift */,
				C0334786295E0B3C0069C97F /* UIView+AxisAttribute.swift */,
			);
			path = Helpers;
			sourceTree = "<group>";
		};
		C033477B295E0B3C0069C97F /* PDF */ = {
			isa = PBXGroup;
			children = (
				C033477C295E0B3C0069C97F /* PDFContent.swift */,
				C033477D295E0B3C0069C97F /* PDFConfigurationType.swift */,
				C033477E295E0B3C0069C97F /* Table.swift */,
				C033477F295E0B3C0069C97F /* PDFBuilder.swift */,
			);
			path = PDF;
			sourceTree = "<group>";
		};
		C03347B9295E0DCF0069C97F /* Source */ = {
			isa = PBXGroup;
			children = (
				C08D873729B7F97300A252F0 /* Login */,
				C09545BC29B1103A00E4DD2E /* Current */,
				C0B819F92995A2F600DC8C66 /* Profile */,
				C0821A1F29947C8C00C8E2F0 /* Contributors */,
				C01EDEBF2991E021007DE0A3 /* Product */,
				C0E200592981DA6E0086637D /* Manipulations */,
				C05D2885295E40CD001400E3 /* Average */,
				C03347BB295E0DF80069C97F /* Home */,
			);
			path = Source;
			sourceTree = "<group>";
		};
		C03347BA295E0DDE0069C97F /* Infra */ = {
			isa = PBXGroup;
			children = (
				C033473A295E071F0069C97F /* SceneDelegate.swift */,
				C0334738295E071F0069C97F /* AppDelegate.swift */,
				C0334743295E07210069C97F /* LaunchScreen.storyboard */,
				C0334741295E07210069C97F /* Assets.xcassets */,
			);
			path = Infra;
			sourceTree = "<group>";
		};
		C03347BB295E0DF80069C97F /* Home */ = {
			isa = PBXGroup;
			children = (
				C03347BC295E0E2A0069C97F /* HomeCoordinator.swift */,
				C03347BE295E0F6D0069C97F /* HomeViewModel.swift */,
				C03347C0295E0FC40069C97F /* HomeService.swift */,
				C033473C295E071F0069C97F /* HomeViewController.swift */,
				C03347C6295E14700069C97F /* HomeView.swift */,
				C03347C2295E14120069C97F /* Views */,
			);
			path = Home;
			sourceTree = "<group>";
		};
		C03347C2295E14120069C97F /* Views */ = {
			isa = PBXGroup;
			children = (
				C03347C3295E14270069C97F /* Profile */,
				C03347C4295E14340069C97F /* Menu */,
				C03347C5295E14440069C97F /* Discards */,
			);
			path = Views;
			sourceTree = "<group>";
		};
		C03347C3295E14270069C97F /* Profile */ = {
			isa = PBXGroup;
			children = (
				C05D26AE295E238A001400E3 /* ProfileHeaderView.swift */,
			);
			path = Profile;
			sourceTree = "<group>";
		};
		C03347C4295E14340069C97F /* Menu */ = {
			isa = PBXGroup;
			children = (
				C05D2883295E2D42001400E3 /* MenuCollectionCell.swift */,
			);
			path = Menu;
			sourceTree = "<group>";
		};
		C03347C5295E14440069C97F /* Discards */ = {
			isa = PBXGroup;
			children = (
			);
			path = Discards;
			sourceTree = "<group>";
		};
		C05D2885295E40CD001400E3 /* Average */ = {
			isa = PBXGroup;
			children = (
				C0DE0D76297E276800E2CA7A /* AverageViewModel */,
				C0DE0D6D297E22DD00E2CA7A /* AverageList */,
				C0D20FA2296069B600581019 /* UseAveragesHomeViewController.swift */,
				C0D20FA4296069C100581019 /* UseAveragesHomeView.swift */,
				C0D20FA629606BF900581019 /* UseAveragesCoordinator.swift */,
				C0D20FA82960732C00581019 /* MenuItemView.swift */,
				C0DE0D70297E237300E2CA7A /* AverageType.swift */,
				C0DE0D79297E27DC00E2CA7A /* AverageService.swift */,
			);
			path = Average;
			sourceTree = "<group>";
		};
		C0821A1F29947C8C00C8E2F0 /* Contributors */ = {
			isa = PBXGroup;
			children = (
				C09541B129AE971D00E4DD2E /* Model */,
				C02A3303299DAA66006D816F /* RegisterContributors */,
				C0821A2029947CB400C8E2F0 /* ContributorsViewController.swift */,
				C0821A2229947CBB00C8E2F0 /* ContributorsView.swift */,
				C0821A2429947CC200C8E2F0 /* ContributorsViewModel.swift */,
				C0821A2629947CCA00C8E2F0 /* ContributorsCoordinator.swift */,
				C02A3301299DA478006D816F /* ContributorsTableViewCell.swift */,
				C00A521B29D4FD27002F2533 /* ContributorService.swift */,
			);
			path = Contributors;
			sourceTree = "<group>";
		};
		C08D873729B7F97300A252F0 /* Login */ = {
			isa = PBXGroup;
			children = (
				C0E0666129DE30EF00B897EC /* Onboarding */,
				C08D873829B7F98500A252F0 /* RegisterAccount */,
				C08D873B29B7F9C500A252F0 /* LoginViewController.swift */,
				C08D873D29B7F9CC00A252F0 /* LoginViewModel.swift */,
				C08D873F29B7F9D700A252F0 /* LoginCoordinator.swift */,
			);
			path = Login;
			sourceTree = "<group>";
		};
		C08D873829B7F98500A252F0 /* RegisterAccount */ = {
			isa = PBXGroup;
			children = (
			);
			path = RegisterAccount;
			sourceTree = "<group>";
		};
		C09541A829AE7DFD00E4DD2E /* RegisterManipulation */ = {
			isa = PBXGroup;
			children = (
				C09543EF29B1085800E4DD2E /* FirstStep */,
				C09541BA29AEEF5500E4DD2E /* SecondStep */,
				C09543DB29B038E200E4DD2E /* ThirdStep */,
				C09543E429B0458600E4DD2E /* ConfirmStep */,
			);
			path = RegisterManipulation;
			sourceTree = "<group>";
		};
		C09541B129AE971D00E4DD2E /* Model */ = {
			isa = PBXGroup;
			children = (
				C09541B229AE972800E4DD2E /* Contributor.swift */,
			);
			path = Model;
			sourceTree = "<group>";
		};
		C09541BA29AEEF5500E4DD2E /* SecondStep */ = {
			isa = PBXGroup;
			children = (
				C09541B829AEEF5100E4DD2E /* RegisterManipulationSecondStepView.swift */,
				C09541BB29AEEF7400E4DD2E /* RegisterManipulationSecondStepViewController.swift */,
				C09541BF29AEEF9000E4DD2E /* RegisterManipulationSecondStepCoordinator.swift */,
				C09543E229B0402200E4DD2E /* RegisterManipulationSecondStepViewModel.swift */,
			);
			path = SecondStep;
			sourceTree = "<group>";
		};
		C09543DB29B038E200E4DD2E /* ThirdStep */ = {
			isa = PBXGroup;
			children = (
				C09543DC29B038F300E4DD2E /* RegisterManipulationThirdStepView.swift */,
				C09543DE29B03B5900E4DD2E /* RegisterManipulationThirdStepController.swift */,
				C09543E029B03B6400E4DD2E /* RegisterManipulationThirdStepCoordinator.swift */,
				C09543ED29B04E7800E4DD2E /* RegisterManipulationThirdStepViewModel.swift */,
			);
			path = ThirdStep;
			sourceTree = "<group>";
		};
		C09543E429B0458600E4DD2E /* ConfirmStep */ = {
			isa = PBXGroup;
			children = (
				C09543E529B0459B00E4DD2E /* RegisterManipulationConfirmStepView.swift */,
				C09543E729B045A100E4DD2E /* RegisterManipulationConfirmStepViewModel.swift */,
				C09543E929B045A800E4DD2E /* RegisterManipulationConfirmStepViewController.swift */,
				C09543EB29B045B000E4DD2E /* RegisterManipulationConfirmStepCoordinator.swift */,
			);
			path = ConfirmStep;
			sourceTree = "<group>";
		};
		C09543EF29B1085800E4DD2E /* FirstStep */ = {
			isa = PBXGroup;
			children = (
				C09541A929AE7E3300E4DD2E /* RegisterManipulationView.swift */,
				C09541AB29AE7E3A00E4DD2E /* RegisterManipulationViewController.swift */,
				C09541AD29AE7E4000E4DD2E /* RegisterManipulationViewModel.swift */,
				C09541AF29AE7E4700E4DD2E /* RegisterManipulationCoordinator.swift */,
			);
			path = FirstStep;
			sourceTree = "<group>";
		};
		C09545BC29B1103A00E4DD2E /* Current */ = {
			isa = PBXGroup;
			children = (
				C09545BD29B1104C00E4DD2E /* Account */,
			);
			path = Current;
			sourceTree = "<group>";
		};
		C09545BD29B1104C00E4DD2E /* Account */ = {
			isa = PBXGroup;
			children = (
				C09545BE29B1106000E4DD2E /* CurrentAccount.swift */,
			);
			path = Account;
			sourceTree = "<group>";
		};
		C09547B129B58DA600E4DD2E /* Model */ = {
			isa = PBXGroup;
			children = (
				C09547B229B58DAE00E4DD2E /* Manipulation.swift */,
			);
			path = Model;
			sourceTree = "<group>";
		};
		C0B819F92995A2F600DC8C66 /* Profile */ = {
			isa = PBXGroup;
			children = (
				C0B819FA2995A30A00DC8C66 /* ProfileViewController.swift */,
				C0B819FC2995A31100DC8C66 /* ProfileView.swift */,
				C0B819FE2995A31A00DC8C66 /* ProfileViewModel.swift */,
				C0B81A002995A32400DC8C66 /* ProfileCoordinator.swift */,
				C00A521D29D52654002F2533 /* ProfileService.swift */,
			);
			path = Profile;
			sourceTree = "<group>";
		};
		C0DE0D6D297E22DD00E2CA7A /* AverageList */ = {
			isa = PBXGroup;
			children = (
				C0DE0D6E297E22EE00E2CA7A /* AverageListView.swift */,
				C0DE0D72297E242300E2CA7A /* AverageListViewController.swift */,
				C0DE0D74297E24A600E2CA7A /* AverageListCoordinator.swift */,
				C03BF1D529808F71004220CA /* AverageByProductTableViewCell.swift */,
				C0E200572981D7EF0086637D /* AverageByCollaboratorTableViewCell.swift */,
			);
			path = AverageList;
			sourceTree = "<group>";
		};
		C0DE0D76297E276800E2CA7A /* AverageViewModel */ = {
			isa = PBXGroup;
			children = (
				C0DE0D77297E277900E2CA7A /* AverageViewModel.swift */,
			);
			path = AverageViewModel;
			sourceTree = "<group>";
		};
		C0E0666129DE30EF00B897EC /* Onboarding */ = {
			isa = PBXGroup;
			children = (
				C0E0666229DE310400B897EC /* OnboardingViewController.swift */,
				C0E0666429DE310E00B897EC /* OnboardingView.swift */,
			);
			path = Onboarding;
			sourceTree = "<group>";
		};
		C0E200592981DA6E0086637D /* Manipulations */ = {
			isa = PBXGroup;
			children = (
				C09547B129B58DA600E4DD2E /* Model */,
				C09541A829AE7DFD00E4DD2E /* RegisterManipulation */,
				C0E200622982002C0086637D /* ManipulationsDetailView */,
				C0E2005E2981DA950086637D /* ManipulationsCoordinator.swift */,
				C0E2005A2981DA830086637D /* ManipulationsListViewController.swift */,
				C0E2005C2981DA8C0086637D /* ManipulationsListView.swift */,
				C0E200602981F3A90086637D /* ManipulationsTableViewCell.swift */,
				C092F8032989FD5700C61131 /* ManipulationsListViewModel.swift */,
				C09547B429B697C100E4DD2E /* EmptyListViewCell.swift */,
			);
			path = Manipulations;
			sourceTree = "<group>";
		};
		C0E200622982002C0086637D /* ManipulationsDetailView */ = {
			isa = PBXGroup;
			children = (
				C0E20063298200500086637D /* ManipulationsDetailView.swift */,
				C0E2006529821F780086637D /* ManipulationsDetailViewController.swift */,
				C0E2006729821FD00086637D /* ManipulationsDetailCoordinator.swift */,
			);
			path = ManipulationsDetailView;
			sourceTree = "<group>";
		};
/* End PBXGroup section */

/* Begin PBXNativeTarget section */
		C0334734295E071F0069C97F /* Manipulations */ = {
			isa = PBXNativeTarget;
			buildConfigurationList = C0334749295E07210069C97F /* Build configuration list for PBXNativeTarget "Manipulations" */;
			buildPhases = (
				C0334731295E071F0069C97F /* Sources */,
				C0334732295E071F0069C97F /* Frameworks */,
				C0334733295E071F0069C97F /* Resources */,
			);
			buildRules = (
			);
			dependencies = (
			);
			name = Manipulations;
			productName = Manipulations;
			productReference = C0334735295E071F0069C97F /* Manipulations.app */;
			productType = "com.apple.product-type.application";
		};
/* End PBXNativeTarget section */

/* Begin PBXProject section */
		C033472D295E071F0069C97F /* Project object */ = {
			isa = PBXProject;
			attributes = {
				BuildIndependentTargetsInParallel = 1;
				LastSwiftUpdateCheck = 1340;
				LastUpgradeCheck = 1340;
				TargetAttributes = {
					C0334734295E071F0069C97F = {
						CreatedOnToolsVersion = 13.4;
					};
				};
			};
			buildConfigurationList = C0334730295E071F0069C97F /* Build configuration list for PBXProject "Manipulations" */;
			compatibilityVersion = "Xcode 13.0";
			developmentRegion = en;
			hasScannedForEncodings = 0;
			knownRegions = (
				en,
				Base,
			);
			mainGroup = C033472C295E071F0069C97F;
			productRefGroup = C0334736295E071F0069C97F /* Products */;
			projectDirPath = "";
			projectRoot = "";
			targets = (
				C0334734295E071F0069C97F /* Manipulations */,
			);
		};
/* End PBXProject section */

/* Begin PBXResourcesBuildPhase section */
		C0334733295E071F0069C97F /* Resources */ = {
			isa = PBXResourcesBuildPhase;
			buildActionMask = 2147483647;
			files = (
				C0334745295E07210069C97F /* LaunchScreen.storyboard in Resources */,
				C0DDAB6D29D1431A0038DD39 /* fishBackgroundHome.mov in Resources */,
				C0334742295E07210069C97F /* Assets.xcassets in Resources */,
			);
			runOnlyForDeploymentPostprocessing = 0;
		};
/* End PBXResourcesBuildPhase section */

/* Begin PBXSourcesBuildPhase section */
		C0334731295E071F0069C97F /* Sources */ = {
			isa = PBXSourcesBuildPhase;
			buildActionMask = 2147483647;
			files = (
				C03347B4295E0B3C0069C97F /* UIView+RawAnchors.swift in Sources */,
				C033479A295E0B3C0069C97F /* UITextField+Extensions.swift in Sources */,
				C033478B295E0B3C0069C97F /* CascadeOperator.swift in Sources */,
				C03347A5295E0B3C0069C97F /* TappedView.swift in Sources */,
				C033473D295E071F0069C97F /* HomeViewController.swift in Sources */,
				C0E2005B2981DA830086637D /* ManipulationsListViewController.swift in Sources */,
				C01EDEC22991E086007DE0A3 /* ProductsViewController.swift in Sources */,
				C033478D295E0B3C0069C97F /* TrackEvent.swift in Sources */,
				C09541C029AEEF9000E4DD2E /* RegisterManipulationSecondStepCoordinator.swift in Sources */,
				C0B81A012995A32400DC8C66 /* ProfileCoordinator.swift in Sources */,
				C0B819FB2995A30A00DC8C66 /* ProfileViewController.swift in Sources */,
				C0334789295E0B3C0069C97F /* BaseCoordinator.swift in Sources */,
				C092F8042989FD5700C61131 /* ManipulationsListViewModel.swift in Sources */,
				C0334795295E0B3C0069C97F /* String+Extensions.swift in Sources */,
				C00A521C29D4FD27002F2533 /* ContributorService.swift in Sources */,
				C03347A7295E0B3C0069C97F /* ErrorView.swift in Sources */,
				C06EDFEE29932F0F0080F07B /* RegisterProductsViewController.swift in Sources */,
				C02A3302299DA478006D816F /* ContributorsTableViewCell.swift in Sources */,
				C0821A2329947CBB00C8E2F0 /* ContributorsView.swift in Sources */,
				C03347A4295E0B3C0069C97F /* MNView.swift in Sources */,
				C03347AC295E0B3C0069C97F /* PDFContent.swift in Sources */,
				C09541BC29AEEF7400E4DD2E /* RegisterManipulationSecondStepViewController.swift in Sources */,
				C0334790295E0B3C0069C97F /* MNKeys.swift in Sources */,
				C0E200582981D7EF0086637D /* AverageByCollaboratorTableViewCell.swift in Sources */,
				C05D2880295E2859001400E3 /* CGFloat+Ext.swift in Sources */,
				C0E0666329DE310400B897EC /* OnboardingViewController.swift in Sources */,
				C0334791295E0B3C0069C97F /* Bool+Ext.swift in Sources */,
				C09543EE29B04E7800E4DD2E /* RegisterManipulationThirdStepViewModel.swift in Sources */,
				C03347AE295E0B3C0069C97F /* Table.swift in Sources */,
				C03347A3295E0B3C0069C97F /* CardIconAndTitleView.swift in Sources */,
				C0334794295E0B3C0069C97F /* UIView+Extensions.swift in Sources */,
				C0D20FA3296069B600581019 /* UseAveragesHomeViewController.swift in Sources */,
				C03347BF295E0F6D0069C97F /* HomeViewModel.swift in Sources */,
				C09541B929AEEF5100E4DD2E /* RegisterManipulationSecondStepView.swift in Sources */,
				C0546529298C7A8C00805BF7 /* GripView.swift in Sources */,
				C033478C295E0B3C0069C97F /* Icon.swift in Sources */,
				C03347A6295E0B3C0069C97F /* CustomSubmitButton.swift in Sources */,
				C06EDFF029932F190080F07B /* RegisterProductsCoordinator.swift in Sources */,
				C03347B1295E0B3C0069C97F /* AutoLayoutOption.swift in Sources */,
				C0334792295E0B3C0069C97F /* UIViewController+Extensions.swift in Sources */,
				C09541B329AE972800E4DD2E /* Contributor.swift in Sources */,
				C03347A1295E0B3C0069C97F /* BottomSheetView.swift in Sources */,
				C08AE64229D27BAD00143114 /* ProductService.swift in Sources */,
				C0E20064298200500086637D /* ManipulationsDetailView.swift in Sources */,
				C01EDEC82991E0DA007DE0A3 /* ProductsViewModel.swift in Sources */,
				C09547B529B697C100E4DD2E /* EmptyListViewCell.swift in Sources */,
				C09543EA29B045A800E4DD2E /* RegisterManipulationConfirmStepViewController.swift in Sources */,
				C0E2006629821F780086637D /* ManipulationsDetailViewController.swift in Sources */,
				C09543E329B0402200E4DD2E /* RegisterManipulationSecondStepViewModel.swift in Sources */,
				C0DE0D73297E242300E2CA7A /* AverageListViewController.swift in Sources */,
				C03347BD295E0E2A0069C97F /* HomeCoordinator.swift in Sources */,
				C03347AB295E0B3C0069C97F /* UIView+SafeAreaAnchors.swift in Sources */,
				C0D20FA5296069C100581019 /* UseAveragesHomeView.swift in Sources */,
				C03347C1295E0FC40069C97F /* HomeService.swift in Sources */,
				C0D20FA1295FEAC200581019 /* UIImage.swift in Sources */,
				C00A521E29D52654002F2533 /* ProfileService.swift in Sources */,
				C09545C129B1406D00E4DD2E /* MNAlertView.swift in Sources */,
				C09543E129B03B6400E4DD2E /* RegisterManipulationThirdStepCoordinator.swift in Sources */,
				C03347B0295E0B3C0069C97F /* NSLayoutDimension+Extension.swift in Sources */,
				C01EDEC42991E08F007DE0A3 /* ProductsView.swift in Sources */,
				C0334796295E0B3C0069C97F /* UIColor+Extensions.swift in Sources */,
				C0E2006829821FD00086637D /* ManipulationsDetailCoordinator.swift in Sources */,
				C02A3305299DAA7B006D816F /* RegisterContributorsCoordinator.swift in Sources */,
				C033478F295E0B3C0069C97F /* KeychainService.swift in Sources */,
				C03347A0295E0B3C0069C97F /* IconButton.swift in Sources */,
				C08D873C29B7F9C500A252F0 /* LoginViewController.swift in Sources */,
				C09545BF29B1106000E4DD2E /* CurrentAccount.swift in Sources */,
				C03347AA295E0B3C0069C97F /* Constants.swift in Sources */,
				C0821A2529947CC200C8E2F0 /* ContributorsViewModel.swift in Sources */,
				C06EDFEC29932F050080F07B /* RegisterProductsView.swift in Sources */,
				C0DE0D6F297E22EE00E2CA7A /* AverageListView.swift in Sources */,
				C0334793295E0B3C0069C97F /* UIButton+Extensions.swift in Sources */,
				C0E2005D2981DA8C0086637D /* ManipulationsListView.swift in Sources */,
				C033479C295E0B3C0069C97F /* CardView.swift in Sources */,
				C09541B029AE7E4700E4DD2E /* RegisterManipulationCoordinator.swift in Sources */,
				C05D2884295E2D42001400E3 /* MenuCollectionCell.swift in Sources */,
				C08D873E29B7F9CC00A252F0 /* LoginViewModel.swift in Sources */,
				C0334787295E0B3C0069C97F /* CoordinatorConfiguration.swift in Sources */,
				C0DE0D78297E277900E2CA7A /* AverageViewModel.swift in Sources */,
				C03347B2295E0B3C0069C97F /* UIView+LayoutGuides.swift in Sources */,
				C0DE0D75297E24A600E2CA7A /* AverageListCoordinator.swift in Sources */,
				C03347A2295E0B3C0069C97F /* CustomTextField.swift in Sources */,
				C09543DF29B03B5900E4DD2E /* RegisterManipulationThirdStepController.swift in Sources */,
				C09541AC29AE7E3A00E4DD2E /* RegisterManipulationViewController.swift in Sources */,
				C09541B529AE980900E4DD2E /* Product.swift in Sources */,
				C03347B6295E0B3C0069C97F /* UIView+AxisAttribute.swift in Sources */,
				C0821A2729947CCA00C8E2F0 /* ContributorsCoordinator.swift in Sources */,
				C03347B5295E0B3C0069C97F /* ActionTypealias.swift in Sources */,
				C0E2005F2981DA950086637D /* ManipulationsCoordinator.swift in Sources */,
				C0334788295E0B3C0069C97F /* CoordinatedViewController.swift in Sources */,
				C03347C7295E14700069C97F /* HomeView.swift in Sources */,
				C05D26AF295E238A001400E3 /* ProfileHeaderView.swift in Sources */,
				C06EDFEA299326270080F07B /* ProductsTableViewCell.swift in Sources */,
				C0E0666529DE310E00B897EC /* OnboardingView.swift in Sources */,
				C033479D295E0B3C0069C97F /* ScrollToTopButton.swift in Sources */,
				C033479F295E0B3C0069C97F /* FilterSegmentedControl.swift in Sources */,
				C033479B295E0B3C0069C97F /* CardButtonView.swift in Sources */,
				C09543E829B045A100E4DD2E /* RegisterManipulationConfirmStepViewModel.swift in Sources */,
				C03BF1D629808F71004220CA /* AverageByProductTableViewCell.swift in Sources */,
				C09541B729AEB99000E4DD2E /* RoundedStepView.swift in Sources */,
				C03347AD295E0B3C0069C97F /* PDFConfigurationType.swift in Sources */,
				C0821A2129947CB400C8E2F0 /* ContributorsViewController.swift in Sources */,
				C0334739295E071F0069C97F /* AppDelegate.swift in Sources */,
				C0DE0D71297E237300E2CA7A /* AverageType.swift in Sources */,
				C09543EC29B045B000E4DD2E /* RegisterManipulationConfirmStepCoordinator.swift in Sources */,
				C09541AE29AE7E4000E4DD2E /* RegisterManipulationViewModel.swift in Sources */,
				C033473B295E071F0069C97F /* SceneDelegate.swift in Sources */,
				C0B819FF2995A31A00DC8C66 /* ProfileViewModel.swift in Sources */,
				C0334799295E0B3C0069C97F /* Array+Ext.swift in Sources */,
				C09541AA29AE7E3300E4DD2E /* RegisterManipulationView.swift in Sources */,
				C02A3310299DBBDE006D816F /* FilterProductType.swift in Sources */,
				C033478A295E0B3C0069C97F /* Coordinator.swift in Sources */,
				C033478E295E0B3C0069C97F /* MNUserDefaults.swift in Sources */,
				C02A3307299DAAAC006D816F /* RegisterContributorsViewModel.swift in Sources */,
				C0D20FA729606BF900581019 /* UseAveragesCoordinator.swift in Sources */,
				C0334797295E0B3C0069C97F /* Date+Ext.swift in Sources */,
				C033479E295E0B3C0069C97F /* MNLabel.swift in Sources */,
				C01EDEC62991E09D007DE0A3 /* ProductsCoordinator.swift in Sources */,
				C03347AF295E0B3C0069C97F /* PDFBuilder.swift in Sources */,
				C0D20FA92960732C00581019 /* MenuItemView.swift in Sources */,
				C0E200612981F3A90086637D /* ManipulationsTableViewCell.swift in Sources */,
				C08D874029B7F9D700A252F0 /* LoginCoordinator.swift in Sources */,
				C06EDFF229932F220080F07B /* RegisterProductsViewModel.swift in Sources */,
				C0DE0D7A297E27DC00E2CA7A /* AverageService.swift in Sources */,
				C02A3309299DAADF006D816F /* RegisterContributorsView.swift in Sources */,
				C09543E629B0459B00E4DD2E /* RegisterManipulationConfirmStepView.swift in Sources */,
				C02A330E299DB355006D816F /* ProductType.swift in Sources */,
				C0334798295E0B3C0069C97F /* Weakify+Ext.swift in Sources */,
				C02A330B299DAAED006D816F /* RegisterContributorsViewController.swift in Sources */,
				C09543DD29B038F300E4DD2E /* RegisterManipulationThirdStepView.swift in Sources */,
				C03347A8295E0B3C0069C97F /* Bindable.swift in Sources */,
				C0B819FD2995A31100DC8C66 /* ProfileView.swift in Sources */,
				C03347A9295E0B3C0069C97F /* ViewCodeContract.swift in Sources */,
				C09547B329B58DAE00E4DD2E /* Manipulation.swift in Sources */,
				C03347B3295E0B3C0069C97F /* Padding.swift in Sources */,
			);
			runOnlyForDeploymentPostprocessing = 0;
		};
/* End PBXSourcesBuildPhase section */

/* Begin PBXVariantGroup section */
		C0334743295E07210069C97F /* LaunchScreen.storyboard */ = {
			isa = PBXVariantGroup;
			children = (
				C0334744295E07210069C97F /* Base */,
			);
			name = LaunchScreen.storyboard;
			sourceTree = "<group>";
		};
/* End PBXVariantGroup section */

/* Begin XCBuildConfiguration section */
		C0334747295E07210069C97F /* Debug */ = {
			isa = XCBuildConfiguration;
			buildSettings = {
				ALWAYS_SEARCH_USER_PATHS = NO;
				CLANG_ANALYZER_NONNULL = YES;
				CLANG_ANALYZER_NUMBER_OBJECT_CONVERSION = YES_AGGRESSIVE;
				CLANG_CXX_LANGUAGE_STANDARD = "gnu++17";
				CLANG_ENABLE_MODULES = YES;
				CLANG_ENABLE_OBJC_ARC = YES;
				CLANG_ENABLE_OBJC_WEAK = YES;
				CLANG_WARN_BLOCK_CAPTURE_AUTORELEASING = YES;
				CLANG_WARN_BOOL_CONVERSION = YES;
				CLANG_WARN_COMMA = YES;
				CLANG_WARN_CONSTANT_CONVERSION = YES;
				CLANG_WARN_DEPRECATED_OBJC_IMPLEMENTATIONS = YES;
				CLANG_WARN_DIRECT_OBJC_ISA_USAGE = YES_ERROR;
				CLANG_WARN_DOCUMENTATION_COMMENTS = YES;
				CLANG_WARN_EMPTY_BODY = YES;
				CLANG_WARN_ENUM_CONVERSION = YES;
				CLANG_WARN_INFINITE_RECURSION = YES;
				CLANG_WARN_INT_CONVERSION = YES;
				CLANG_WARN_NON_LITERAL_NULL_CONVERSION = YES;
				CLANG_WARN_OBJC_IMPLICIT_RETAIN_SELF = YES;
				CLANG_WARN_OBJC_LITERAL_CONVERSION = YES;
				CLANG_WARN_OBJC_ROOT_CLASS = YES_ERROR;
				CLANG_WARN_QUOTED_INCLUDE_IN_FRAMEWORK_HEADER = YES;
				CLANG_WARN_RANGE_LOOP_ANALYSIS = YES;
				CLANG_WARN_STRICT_PROTOTYPES = YES;
				CLANG_WARN_SUSPICIOUS_MOVE = YES;
				CLANG_WARN_UNGUARDED_AVAILABILITY = YES_AGGRESSIVE;
				CLANG_WARN_UNREACHABLE_CODE = YES;
				CLANG_WARN__DUPLICATE_METHOD_MATCH = YES;
				COPY_PHASE_STRIP = NO;
				DEBUG_INFORMATION_FORMAT = dwarf;
				ENABLE_STRICT_OBJC_MSGSEND = YES;
				ENABLE_TESTABILITY = YES;
				GCC_C_LANGUAGE_STANDARD = gnu11;
				GCC_DYNAMIC_NO_PIC = NO;
				GCC_NO_COMMON_BLOCKS = YES;
				GCC_OPTIMIZATION_LEVEL = 0;
				GCC_PREPROCESSOR_DEFINITIONS = (
					"DEBUG=1",
					"$(inherited)",
				);
				GCC_WARN_64_TO_32_BIT_CONVERSION = YES;
				GCC_WARN_ABOUT_RETURN_TYPE = YES_ERROR;
				GCC_WARN_UNDECLARED_SELECTOR = YES;
				GCC_WARN_UNINITIALIZED_AUTOS = YES_AGGRESSIVE;
				GCC_WARN_UNUSED_FUNCTION = YES;
				GCC_WARN_UNUSED_VARIABLE = YES;
				IPHONEOS_DEPLOYMENT_TARGET = 13.0;
				MTL_ENABLE_DEBUG_INFO = INCLUDE_SOURCE;
				MTL_FAST_MATH = YES;
				ONLY_ACTIVE_ARCH = YES;
				SDKROOT = iphoneos;
				SWIFT_ACTIVE_COMPILATION_CONDITIONS = DEBUG;
				SWIFT_OPTIMIZATION_LEVEL = "-Onone";
			};
			name = Debug;
		};
		C0334748295E07210069C97F /* Release */ = {
			isa = XCBuildConfiguration;
			buildSettings = {
				ALWAYS_SEARCH_USER_PATHS = NO;
				CLANG_ANALYZER_NONNULL = YES;
				CLANG_ANALYZER_NUMBER_OBJECT_CONVERSION = YES_AGGRESSIVE;
				CLANG_CXX_LANGUAGE_STANDARD = "gnu++17";
				CLANG_ENABLE_MODULES = YES;
				CLANG_ENABLE_OBJC_ARC = YES;
				CLANG_ENABLE_OBJC_WEAK = YES;
				CLANG_WARN_BLOCK_CAPTURE_AUTORELEASING = YES;
				CLANG_WARN_BOOL_CONVERSION = YES;
				CLANG_WARN_COMMA = YES;
				CLANG_WARN_CONSTANT_CONVERSION = YES;
				CLANG_WARN_DEPRECATED_OBJC_IMPLEMENTATIONS = YES;
				CLANG_WARN_DIRECT_OBJC_ISA_USAGE = YES_ERROR;
				CLANG_WARN_DOCUMENTATION_COMMENTS = YES;
				CLANG_WARN_EMPTY_BODY = YES;
				CLANG_WARN_ENUM_CONVERSION = YES;
				CLANG_WARN_INFINITE_RECURSION = YES;
				CLANG_WARN_INT_CONVERSION = YES;
				CLANG_WARN_NON_LITERAL_NULL_CONVERSION = YES;
				CLANG_WARN_OBJC_IMPLICIT_RETAIN_SELF = YES;
				CLANG_WARN_OBJC_LITERAL_CONVERSION = YES;
				CLANG_WARN_OBJC_ROOT_CLASS = YES_ERROR;
				CLANG_WARN_QUOTED_INCLUDE_IN_FRAMEWORK_HEADER = YES;
				CLANG_WARN_RANGE_LOOP_ANALYSIS = YES;
				CLANG_WARN_STRICT_PROTOTYPES = YES;
				CLANG_WARN_SUSPICIOUS_MOVE = YES;
				CLANG_WARN_UNGUARDED_AVAILABILITY = YES_AGGRESSIVE;
				CLANG_WARN_UNREACHABLE_CODE = YES;
				CLANG_WARN__DUPLICATE_METHOD_MATCH = YES;
				COPY_PHASE_STRIP = NO;
				DEBUG_INFORMATION_FORMAT = "dwarf-with-dsym";
				ENABLE_NS_ASSERTIONS = NO;
				ENABLE_STRICT_OBJC_MSGSEND = YES;
				GCC_C_LANGUAGE_STANDARD = gnu11;
				GCC_NO_COMMON_BLOCKS = YES;
				GCC_WARN_64_TO_32_BIT_CONVERSION = YES;
				GCC_WARN_ABOUT_RETURN_TYPE = YES_ERROR;
				GCC_WARN_UNDECLARED_SELECTOR = YES;
				GCC_WARN_UNINITIALIZED_AUTOS = YES_AGGRESSIVE;
				GCC_WARN_UNUSED_FUNCTION = YES;
				GCC_WARN_UNUSED_VARIABLE = YES;
				IPHONEOS_DEPLOYMENT_TARGET = 13.0;
				MTL_ENABLE_DEBUG_INFO = NO;
				MTL_FAST_MATH = YES;
				SDKROOT = iphoneos;
				SWIFT_COMPILATION_MODE = wholemodule;
				SWIFT_OPTIMIZATION_LEVEL = "-O";
				VALIDATE_PRODUCT = YES;
			};
			name = Release;
		};
		C033474A295E07210069C97F /* Debug */ = {
			isa = XCBuildConfiguration;
			buildSettings = {
				ASSETCATALOG_COMPILER_APPICON_NAME = AppIcon;
				ASSETCATALOG_COMPILER_GLOBAL_ACCENT_COLOR_NAME = AccentColor;
				CODE_SIGN_ENTITLEMENTS = Manipulations/Manipulations.entitlements;
				CODE_SIGN_IDENTITY = "Apple Development";
				CODE_SIGN_STYLE = Automatic;
				CURRENT_PROJECT_VERSION = 1;
				DEVELOPMENT_TEAM = WD26YPBP7A;
				GENERATE_INFOPLIST_FILE = YES;
				INFOPLIST_FILE = Manipulations/Info.plist;
				INFOPLIST_KEY_UIApplicationSupportsIndirectInputEvents = YES;
				INFOPLIST_KEY_UILaunchStoryboardName = LaunchScreen;
				INFOPLIST_KEY_UISupportedInterfaceOrientations_iPad = "UIInterfaceOrientationPortrait UIInterfaceOrientationPortraitUpsideDown UIInterfaceOrientationLandscapeLeft UIInterfaceOrientationLandscapeRight";
				INFOPLIST_KEY_UISupportedInterfaceOrientations_iPhone = "UIInterfaceOrientationPortrait UIInterfaceOrientationLandscapeLeft UIInterfaceOrientationLandscapeRight";
				IPHONEOS_DEPLOYMENT_TARGET = 13.0;
				LD_RUNPATH_SEARCH_PATHS = (
					"$(inherited)",
					"@executable_path/Frameworks",
				);
				MARKETING_VERSION = 1.0;
				PRODUCT_BUNDLE_IDENTIFIER = leojportes.Manipulations;
				PRODUCT_NAME = "$(TARGET_NAME)";
				PROVISIONING_PROFILE_SPECIFIER = "";
				SWIFT_EMIT_LOC_STRINGS = YES;
				SWIFT_VERSION = 5.0;
				TARGETED_DEVICE_FAMILY = "1,2";
			};
			name = Debug;
		};
		C033474B295E07210069C97F /* Release */ = {
			isa = XCBuildConfiguration;
			buildSettings = {
				ASSETCATALOG_COMPILER_APPICON_NAME = AppIcon;
				ASSETCATALOG_COMPILER_GLOBAL_ACCENT_COLOR_NAME = AccentColor;
				CODE_SIGN_ENTITLEMENTS = Manipulations/Manipulations.entitlements;
				CODE_SIGN_IDENTITY = "Apple Development";
				CODE_SIGN_STYLE = Automatic;
				CURRENT_PROJECT_VERSION = 1;
				DEVELOPMENT_TEAM = WD26YPBP7A;
				GENERATE_INFOPLIST_FILE = YES;
				INFOPLIST_FILE = Manipulations/Info.plist;
				INFOPLIST_KEY_UIApplicationSupportsIndirectInputEvents = YES;
				INFOPLIST_KEY_UILaunchStoryboardName = LaunchScreen;
				INFOPLIST_KEY_UISupportedInterfaceOrientations_iPad = "UIInterfaceOrientationPortrait UIInterfaceOrientationPortraitUpsideDown UIInterfaceOrientationLandscapeLeft UIInterfaceOrientationLandscapeRight";
				INFOPLIST_KEY_UISupportedInterfaceOrientations_iPhone = "UIInterfaceOrientationPortrait UIInterfaceOrientationLandscapeLeft UIInterfaceOrientationLandscapeRight";
				IPHONEOS_DEPLOYMENT_TARGET = 13.0;
				LD_RUNPATH_SEARCH_PATHS = (
					"$(inherited)",
					"@executable_path/Frameworks",
				);
				MARKETING_VERSION = 1.0;
				PRODUCT_BUNDLE_IDENTIFIER = leojportes.Manipulations;
				PRODUCT_NAME = "$(TARGET_NAME)";
				PROVISIONING_PROFILE_SPECIFIER = "";
				SWIFT_EMIT_LOC_STRINGS = YES;
				SWIFT_VERSION = 5.0;
				TARGETED_DEVICE_FAMILY = "1,2";
			};
			name = Release;
		};
/* End XCBuildConfiguration section */

/* Begin XCConfigurationList section */
		C0334730295E071F0069C97F /* Build configuration list for PBXProject "Manipulations" */ = {
			isa = XCConfigurationList;
			buildConfigurations = (
				C0334747295E07210069C97F /* Debug */,
				C0334748295E07210069C97F /* Release */,
			);
			defaultConfigurationIsVisible = 0;
			defaultConfigurationName = Release;
		};
		C0334749295E07210069C97F /* Build configuration list for PBXNativeTarget "Manipulations" */ = {
			isa = XCConfigurationList;
			buildConfigurations = (
				C033474A295E07210069C97F /* Debug */,
				C033474B295E07210069C97F /* Release */,
			);
			defaultConfigurationIsVisible = 0;
			defaultConfigurationName = Release;
		};
/* End XCConfigurationList section */
	};
	rootObject = C033472D295E071F0069C97F /* Project object */;
}
